
Microsoft Visual Studio Solution File, Format Version 12.00
# Visual Studio Version 17
VisualStudioVersion = 17.2.32526.322
MinimumVisualStudioVersion = 10.0.40219.1
Project("{2150E333-8FDC-42A3-9474-1A3956D46DE8}") = "Basic Syntax, Conditional Statements and Loops - Exercise", "Basic Syntax, Conditional Statements and Loops - Exercise", "{9EFB519D-7A41-46C4-A3E4-B301EC57E1F9}"
EndProject
Project("{9A19103F-16F7-4668-BE54-9A1E7A4F7556}") = "P01_Ages", "Basic Syntax, Conditional Statements and Loops - Exercise\P01_Ages\P01_Ages.csproj", "{9981E2ED-9691-40CD-9511-1E2BA7280DF0}"
EndProject
Project("{9A19103F-16F7-4668-BE54-9A1E7A4F7556}") = "P02_Division", "Basic Syntax, Conditional Statements and Loops - Exercise\P02_Division\P02_Division.csproj", "{7F45B743-44E6-4B3E-9249-683913397D6F}"
EndProject
Project("{9A19103F-16F7-4668-BE54-9A1E7A4F7556}") = "P05_Login", "Basic Syntax, Conditional Statements and Loops - Exercise\P05_Login\P05_Login.csproj", "{48636106-A9A4-4729-A8C9-711D45AC293E}"
EndProject
Project("{9A19103F-16F7-4668-BE54-9A1E7A4F7556}") = "P03_Vacation", "Basic Syntax, Conditional Statements and Loops - Exercise\P03_Vacation\P03_Vacation.csproj", "{9D93CE1C-B49A-4A1E-8E6D-F14DD8492079}"
EndProject
Project("{9A19103F-16F7-4668-BE54-9A1E7A4F7556}") = "P04_PrintAndSum", "Basic Syntax, Conditional Statements and Loops - Exercise\P04_PrintAndSum\P04_PrintAndSum.csproj", "{72E78475-0B52-4A07-AE4F-0DA652863C22}"
EndProject
Project("{9A19103F-16F7-4668-BE54-9A1E7A4F7556}") = "P06_StrongNumber", "Basic Syntax, Conditional Statements and Loops - Exercise\P06_StrongNumber\P06_StrongNumber.csproj", "{CACFBF4E-5E3B-4B39-942F-2B31709B955D}"
EndProject
Project("{9A19103F-16F7-4668-BE54-9A1E7A4F7556}") = "P08_TriangleOfNumbers", "Basic Syntax, Conditional Statements and Loops - Exercise\P08_TriangleOfNumbers\P08_TriangleOfNumbers.csproj", "{9BEF2A63-283D-4F5D-A4A4-FC7AAA098D81}"
EndProject
Project("{9A19103F-16F7-4668-BE54-9A1E7A4F7556}") = "P10_RageExpenses", "Basic Syntax, Conditional Statements and Loops - Exercise\P10_RageExpenses\P10_RageExpenses.csproj", "{683E6E57-A46E-4551-8247-86B77A8F2A11}"
EndProject
Project("{2150E333-8FDC-42A3-9474-1A3956D46DE8}") = "Basic Syntax, Conditional Statements and Loops - Lab", "Basic Syntax, Conditional Statements and Loops - Lab", "{94960C0E-BAA4-4115-853E-8900C62D4A69}"
EndProject
Project("{2150E333-8FDC-42A3-9474-1A3956D46DE8}") = "Data Types and Variables - Exercise", "Data Types and Variables - Exercise", "{9DE7F757-854A-44FC-B095-C2C6AA2DA80E}"
EndProject
Project("{9A19103F-16F7-4668-BE54-9A1E7A4F7556}") = "P11_Snowballs", "Data Types and Variables - Exercise\P11_Snowballs\P11_Snowballs.csproj", "{F5A92FD4-B827-4E85-BAE4-08CAC48DBB41}"
EndProject
Project("{2150E333-8FDC-42A3-9474-1A3956D46DE8}") = "Arrays - Lab", "Arrays - Lab", "{4B132E91-6D6E-40FA-9F3C-51EE9FEED533}"
EndProject
Project("{9A19103F-16F7-4668-BE54-9A1E7A4F7556}") = "P02_PrintNumbersInReverseOrder", "Arrays - Lab\P02_PrintNumbersInReverseOrder\P02_PrintNumbersInReverseOrder.csproj", "{176D95F7-E290-42D3-8C1A-D68EA31F4BE9}"
EndProject
Project("{9A19103F-16F7-4668-BE54-9A1E7A4F7556}") = "P01_DayOfWeek", "Arrays - Lab\P01_DayOfWeek\P01_DayOfWeek.csproj", "{710C07DC-A6E5-45CB-B307-ED049C477A9F}"
EndProject
Project("{9A19103F-16F7-4668-BE54-9A1E7A4F7556}") = "P03_RoundingNumbers", "Arrays - Lab\P03_RoundingNumbers\P03_RoundingNumbers.csproj", "{3B9D39D2-6D46-49AF-A9BA-55E85ED2EFE1}"
EndProject
Project("{9A19103F-16F7-4668-BE54-9A1E7A4F7556}") = "P04_ReverseArrayOfStrings", "Arrays - Lab\P04_ReverseArrayOfStrings\P04_ReverseArrayOfStrings.csproj", "{EAFD5961-7930-456C-BBE6-12FAE1B96805}"
EndProject
Project("{9A19103F-16F7-4668-BE54-9A1E7A4F7556}") = "P05_SumEvenNumbers", "Arrays - Lab\P05_SumEvenNumbers\P05_SumEvenNumbers.csproj", "{09FF170D-7BDE-4BA2-BB67-30B6B82C0D1B}"
EndProject
Project("{9A19103F-16F7-4668-BE54-9A1E7A4F7556}") = "P06_EvenAndOddSubtraction", "Arrays - Lab\P06_EvenAndOddSubtraction\P06_EvenAndOddSubtraction.csproj", "{87F2259F-B9A2-47CB-B6FD-E159AB92506F}"
EndProject
Project("{9A19103F-16F7-4668-BE54-9A1E7A4F7556}") = "P07_EqualArrays", "Arrays - Lab\P07_EqualArrays\P07_EqualArrays.csproj", "{BD6090CB-4101-4254-9B58-2428411E0AE3}"
EndProject
Project("{9A19103F-16F7-4668-BE54-9A1E7A4F7556}") = "P08_CondenseArrayToNumber", "Arrays - Lab\P08_CondenseArrayToNumber\P08_CondenseArrayToNumber.csproj", "{365ECA78-45DF-4EED-B33D-A8397FB1ED1C}"
EndProject
Project("{2150E333-8FDC-42A3-9474-1A3956D46DE8}") = "Arrays - Exercise", "Arrays - Exercise", "{E762F6FE-F751-4CE1-9BA1-5832A8157553}"
EndProject
Project("{9A19103F-16F7-4668-BE54-9A1E7A4F7556}") = "P01_Train", "Arrays - Exercise\P01_Train\P01_Train.csproj", "{6D0D5939-BC4E-403F-92E0-09D3220FBB0D}"
EndProject
Project("{9A19103F-16F7-4668-BE54-9A1E7A4F7556}") = "P03_ZigZagArrays", "Arrays - Exercise\P03_ZigZagArrays\P03_ZigZagArrays.csproj", "{26266A4E-DAB8-4598-965E-AC63A91B7805}"
EndProject
Project("{9A19103F-16F7-4668-BE54-9A1E7A4F7556}") = "P07_VendingMachine", "Basic Syntax, Conditional Statements and Loops - Exercise\P07_VendingMachine\P07_VendingMachine.csproj", "{7D9C0C5F-8785-4515-B469-93D66FCE78F6}"
EndProject
Project("{FAE04EC0-301F-11D3-BF4B-00C04F79EFBC}") = "P09_PadawanEquipment", "Basic Syntax, Conditional Statements and Loops - Exercise\P09_PadawanEquipment\P09_PadawanEquipment.csproj", "{99215C0A-7A1E-46E6-B5FE-4BDF47E87A22}"
EndProject
Project("{FAE04EC0-301F-11D3-BF4B-00C04F79EFBC}") = "P11_Orders", "Basic Syntax, Conditional Statements and Loops - Exercise\P11_Orders\P11_Orders.csproj", "{4CEB7CE1-2E49-4AAF-BA78-DF96C4D2C6D1}"
EndProject
Project("{FAE04EC0-301F-11D3-BF4B-00C04F79EFBC}") = "P01_IntegerOperations", "Data Types and Variables - Exercise\P01_IntegerOperations\P01_IntegerOperations.csproj", "{F1C6F4EE-D75B-4F50-8BA9-4B9FF5B7E5D8}"
EndProject
Project("{FAE04EC0-301F-11D3-BF4B-00C04F79EFBC}") = "P02_SumDigits", "Data Types and Variables - Exercise\P02_SumDigits\P02_SumDigits.csproj", "{67B0614E-F35D-4129-A22F-122F987E0B5A}"
EndProject
Project("{FAE04EC0-301F-11D3-BF4B-00C04F79EFBC}") = "P03_Elevator", "Data Types and Variables - Exercise\P03_Elevator\P03_Elevator.csproj", "{3497DFF9-87A1-49F4-B422-1B2062961C97}"
EndProject
Project("{9A19103F-16F7-4668-BE54-9A1E7A4F7556}") = "P04_SumOfChars", "Data Types and Variables - Exercise\P04_SumOfChars\P04_SumOfChars.csproj", "{F3B6193F-0537-497E-8372-DE086E35E70A}"
EndProject
Project("{FAE04EC0-301F-11D3-BF4B-00C04F79EFBC}") = "P05_PrintPartOfASCIITable", "Data Types and Variables - Exercise\P05_PrintPartOfASCIITable\P05_PrintPartOfASCIITable.csproj", "{66CC8CCA-CC90-4712-898A-2C9932CADDCC}"
EndProject
Project("{FAE04EC0-301F-11D3-BF4B-00C04F79EFBC}") = "P06_TriplesOfLatinLetters", "Data Types and Variables - Exercise\P06_TriplesOfLatinLetters\P06_TriplesOfLatinLetters.csproj", "{CE313237-2798-4CA2-91E7-5309FCEC69A1}"
EndProject
Project("{FAE04EC0-301F-11D3-BF4B-00C04F79EFBC}") = "P07_WaterOverflow", "Data Types and Variables - Exercise\P07_WaterOverflow\P07_WaterOverflow.csproj", "{FDEFEAD4-C8AE-4D4A-B9F7-3EC5831D55B7}"
EndProject
Project("{FAE04EC0-301F-11D3-BF4B-00C04F79EFBC}") = "P08_BeerKegs", "Data Types and Variables - Exercise\P08_BeerKegs\P08_BeerKegs.csproj", "{18735468-F60A-465F-96DC-A8CF6226676A}"
EndProject
Global
	GlobalSection(SolutionConfigurationPlatforms) = preSolution
		Debug|Any CPU = Debug|Any CPU
		Release|Any CPU = Release|Any CPU
	EndGlobalSection
	GlobalSection(ProjectConfigurationPlatforms) = postSolution
		{9981E2ED-9691-40CD-9511-1E2BA7280DF0}.Debug|Any CPU.ActiveCfg = Debug|Any CPU
		{9981E2ED-9691-40CD-9511-1E2BA7280DF0}.Debug|Any CPU.Build.0 = Debug|Any CPU
		{9981E2ED-9691-40CD-9511-1E2BA7280DF0}.Release|Any CPU.ActiveCfg = Release|Any CPU
		{9981E2ED-9691-40CD-9511-1E2BA7280DF0}.Release|Any CPU.Build.0 = Release|Any CPU
		{7F45B743-44E6-4B3E-9249-683913397D6F}.Debug|Any CPU.ActiveCfg = Debug|Any CPU
		{7F45B743-44E6-4B3E-9249-683913397D6F}.Debug|Any CPU.Build.0 = Debug|Any CPU
		{7F45B743-44E6-4B3E-9249-683913397D6F}.Release|Any CPU.ActiveCfg = Release|Any CPU
		{7F45B743-44E6-4B3E-9249-683913397D6F}.Release|Any CPU.Build.0 = Release|Any CPU
		{48636106-A9A4-4729-A8C9-711D45AC293E}.Debug|Any CPU.ActiveCfg = Debug|Any CPU
		{48636106-A9A4-4729-A8C9-711D45AC293E}.Debug|Any CPU.Build.0 = Debug|Any CPU
		{48636106-A9A4-4729-A8C9-711D45AC293E}.Release|Any CPU.ActiveCfg = Release|Any CPU
		{48636106-A9A4-4729-A8C9-711D45AC293E}.Release|Any CPU.Build.0 = Release|Any CPU
		{9D93CE1C-B49A-4A1E-8E6D-F14DD8492079}.Debug|Any CPU.ActiveCfg = Debug|Any CPU
		{9D93CE1C-B49A-4A1E-8E6D-F14DD8492079}.Debug|Any CPU.Build.0 = Debug|Any CPU
		{9D93CE1C-B49A-4A1E-8E6D-F14DD8492079}.Release|Any CPU.ActiveCfg = Release|Any CPU
		{9D93CE1C-B49A-4A1E-8E6D-F14DD8492079}.Release|Any CPU.Build.0 = Release|Any CPU
		{72E78475-0B52-4A07-AE4F-0DA652863C22}.Debug|Any CPU.ActiveCfg = Debug|Any CPU
		{72E78475-0B52-4A07-AE4F-0DA652863C22}.Debug|Any CPU.Build.0 = Debug|Any CPU
		{72E78475-0B52-4A07-AE4F-0DA652863C22}.Release|Any CPU.ActiveCfg = Release|Any CPU
		{72E78475-0B52-4A07-AE4F-0DA652863C22}.Release|Any CPU.Build.0 = Release|Any CPU
		{CACFBF4E-5E3B-4B39-942F-2B31709B955D}.Debug|Any CPU.ActiveCfg = Debug|Any CPU
		{CACFBF4E-5E3B-4B39-942F-2B31709B955D}.Debug|Any CPU.Build.0 = Debug|Any CPU
		{CACFBF4E-5E3B-4B39-942F-2B31709B955D}.Release|Any CPU.ActiveCfg = Release|Any CPU
		{CACFBF4E-5E3B-4B39-942F-2B31709B955D}.Release|Any CPU.Build.0 = Release|Any CPU
		{9BEF2A63-283D-4F5D-A4A4-FC7AAA098D81}.Debug|Any CPU.ActiveCfg = Debug|Any CPU
		{9BEF2A63-283D-4F5D-A4A4-FC7AAA098D81}.Debug|Any CPU.Build.0 = Debug|Any CPU
		{9BEF2A63-283D-4F5D-A4A4-FC7AAA098D81}.Release|Any CPU.ActiveCfg = Release|Any CPU
		{9BEF2A63-283D-4F5D-A4A4-FC7AAA098D81}.Release|Any CPU.Build.0 = Release|Any CPU
		{683E6E57-A46E-4551-8247-86B77A8F2A11}.Debug|Any CPU.ActiveCfg = Debug|Any CPU
		{683E6E57-A46E-4551-8247-86B77A8F2A11}.Debug|Any CPU.Build.0 = Debug|Any CPU
		{683E6E57-A46E-4551-8247-86B77A8F2A11}.Release|Any CPU.ActiveCfg = Release|Any CPU
		{683E6E57-A46E-4551-8247-86B77A8F2A11}.Release|Any CPU.Build.0 = Release|Any CPU
		{F5A92FD4-B827-4E85-BAE4-08CAC48DBB41}.Debug|Any CPU.ActiveCfg = Debug|Any CPU
		{F5A92FD4-B827-4E85-BAE4-08CAC48DBB41}.Debug|Any CPU.Build.0 = Debug|Any CPU
		{F5A92FD4-B827-4E85-BAE4-08CAC48DBB41}.Release|Any CPU.ActiveCfg = Release|Any CPU
		{F5A92FD4-B827-4E85-BAE4-08CAC48DBB41}.Release|Any CPU.Build.0 = Release|Any CPU
		{176D95F7-E290-42D3-8C1A-D68EA31F4BE9}.Debug|Any CPU.ActiveCfg = Debug|Any CPU
		{176D95F7-E290-42D3-8C1A-D68EA31F4BE9}.Debug|Any CPU.Build.0 = Debug|Any CPU
		{176D95F7-E290-42D3-8C1A-D68EA31F4BE9}.Release|Any CPU.ActiveCfg = Release|Any CPU
		{176D95F7-E290-42D3-8C1A-D68EA31F4BE9}.Release|Any CPU.Build.0 = Release|Any CPU
		{710C07DC-A6E5-45CB-B307-ED049C477A9F}.Debug|Any CPU.ActiveCfg = Debug|Any CPU
		{710C07DC-A6E5-45CB-B307-ED049C477A9F}.Debug|Any CPU.Build.0 = Debug|Any CPU
		{710C07DC-A6E5-45CB-B307-ED049C477A9F}.Release|Any CPU.ActiveCfg = Release|Any CPU
		{710C07DC-A6E5-45CB-B307-ED049C477A9F}.Release|Any CPU.Build.0 = Release|Any CPU
		{3B9D39D2-6D46-49AF-A9BA-55E85ED2EFE1}.Debug|Any CPU.ActiveCfg = Debug|Any CPU
		{3B9D39D2-6D46-49AF-A9BA-55E85ED2EFE1}.Debug|Any CPU.Build.0 = Debug|Any CPU
		{3B9D39D2-6D46-49AF-A9BA-55E85ED2EFE1}.Release|Any CPU.ActiveCfg = Release|Any CPU
		{3B9D39D2-6D46-49AF-A9BA-55E85ED2EFE1}.Release|Any CPU.Build.0 = Release|Any CPU
		{EAFD5961-7930-456C-BBE6-12FAE1B96805}.Debug|Any CPU.ActiveCfg = Debug|Any CPU
		{EAFD5961-7930-456C-BBE6-12FAE1B96805}.Debug|Any CPU.Build.0 = Debug|Any CPU
		{EAFD5961-7930-456C-BBE6-12FAE1B96805}.Release|Any CPU.ActiveCfg = Release|Any CPU
		{EAFD5961-7930-456C-BBE6-12FAE1B96805}.Release|Any CPU.Build.0 = Release|Any CPU
		{09FF170D-7BDE-4BA2-BB67-30B6B82C0D1B}.Debug|Any CPU.ActiveCfg = Debug|Any CPU
		{09FF170D-7BDE-4BA2-BB67-30B6B82C0D1B}.Debug|Any CPU.Build.0 = Debug|Any CPU
		{09FF170D-7BDE-4BA2-BB67-30B6B82C0D1B}.Release|Any CPU.ActiveCfg = Release|Any CPU
		{09FF170D-7BDE-4BA2-BB67-30B6B82C0D1B}.Release|Any CPU.Build.0 = Release|Any CPU
		{87F2259F-B9A2-47CB-B6FD-E159AB92506F}.Debug|Any CPU.ActiveCfg = Debug|Any CPU
		{87F2259F-B9A2-47CB-B6FD-E159AB92506F}.Debug|Any CPU.Build.0 = Debug|Any CPU
		{87F2259F-B9A2-47CB-B6FD-E159AB92506F}.Release|Any CPU.ActiveCfg = Release|Any CPU
		{87F2259F-B9A2-47CB-B6FD-E159AB92506F}.Release|Any CPU.Build.0 = Release|Any CPU
		{BD6090CB-4101-4254-9B58-2428411E0AE3}.Debug|Any CPU.ActiveCfg = Debug|Any CPU
		{BD6090CB-4101-4254-9B58-2428411E0AE3}.Debug|Any CPU.Build.0 = Debug|Any CPU
		{BD6090CB-4101-4254-9B58-2428411E0AE3}.Release|Any CPU.ActiveCfg = Release|Any CPU
		{BD6090CB-4101-4254-9B58-2428411E0AE3}.Release|Any CPU.Build.0 = Release|Any CPU
		{365ECA78-45DF-4EED-B33D-A8397FB1ED1C}.Debug|Any CPU.ActiveCfg = Debug|Any CPU
		{365ECA78-45DF-4EED-B33D-A8397FB1ED1C}.Debug|Any CPU.Build.0 = Debug|Any CPU
		{365ECA78-45DF-4EED-B33D-A8397FB1ED1C}.Release|Any CPU.ActiveCfg = Release|Any CPU
		{365ECA78-45DF-4EED-B33D-A8397FB1ED1C}.Release|Any CPU.Build.0 = Release|Any CPU
		{6D0D5939-BC4E-403F-92E0-09D3220FBB0D}.Debug|Any CPU.ActiveCfg = Debug|Any CPU
		{6D0D5939-BC4E-403F-92E0-09D3220FBB0D}.Debug|Any CPU.Build.0 = Debug|Any CPU
		{6D0D5939-BC4E-403F-92E0-09D3220FBB0D}.Release|Any CPU.ActiveCfg = Release|Any CPU
		{6D0D5939-BC4E-403F-92E0-09D3220FBB0D}.Release|Any CPU.Build.0 = Release|Any CPU
		{26266A4E-DAB8-4598-965E-AC63A91B7805}.Debug|Any CPU.ActiveCfg = Debug|Any CPU
		{26266A4E-DAB8-4598-965E-AC63A91B7805}.Debug|Any CPU.Build.0 = Debug|Any CPU
		{26266A4E-DAB8-4598-965E-AC63A91B7805}.Release|Any CPU.ActiveCfg = Release|Any CPU
		{26266A4E-DAB8-4598-965E-AC63A91B7805}.Release|Any CPU.Build.0 = Release|Any CPU
		{7D9C0C5F-8785-4515-B469-93D66FCE78F6}.Debug|Any CPU.ActiveCfg = Debug|Any CPU
		{7D9C0C5F-8785-4515-B469-93D66FCE78F6}.Debug|Any CPU.Build.0 = Debug|Any CPU
		{7D9C0C5F-8785-4515-B469-93D66FCE78F6}.Release|Any CPU.ActiveCfg = Release|Any CPU
		{7D9C0C5F-8785-4515-B469-93D66FCE78F6}.Release|Any CPU.Build.0 = Release|Any CPU
		{99215C0A-7A1E-46E6-B5FE-4BDF47E87A22}.Debug|Any CPU.ActiveCfg = Debug|Any CPU
		{99215C0A-7A1E-46E6-B5FE-4BDF47E87A22}.Debug|Any CPU.Build.0 = Debug|Any CPU
		{99215C0A-7A1E-46E6-B5FE-4BDF47E87A22}.Release|Any CPU.ActiveCfg = Release|Any CPU
		{99215C0A-7A1E-46E6-B5FE-4BDF47E87A22}.Release|Any CPU.Build.0 = Release|Any CPU
		{4CEB7CE1-2E49-4AAF-BA78-DF96C4D2C6D1}.Debug|Any CPU.ActiveCfg = Debug|Any CPU
		{4CEB7CE1-2E49-4AAF-BA78-DF96C4D2C6D1}.Debug|Any CPU.Build.0 = Debug|Any CPU
		{4CEB7CE1-2E49-4AAF-BA78-DF96C4D2C6D1}.Release|Any CPU.ActiveCfg = Release|Any CPU
		{4CEB7CE1-2E49-4AAF-BA78-DF96C4D2C6D1}.Release|Any CPU.Build.0 = Release|Any CPU
		{F1C6F4EE-D75B-4F50-8BA9-4B9FF5B7E5D8}.Debug|Any CPU.ActiveCfg = Debug|Any CPU
		{F1C6F4EE-D75B-4F50-8BA9-4B9FF5B7E5D8}.Debug|Any CPU.Build.0 = Debug|Any CPU
		{F1C6F4EE-D75B-4F50-8BA9-4B9FF5B7E5D8}.Release|Any CPU.ActiveCfg = Release|Any CPU
		{F1C6F4EE-D75B-4F50-8BA9-4B9FF5B7E5D8}.Release|Any CPU.Build.0 = Release|Any CPU
		{67B0614E-F35D-4129-A22F-122F987E0B5A}.Debug|Any CPU.ActiveCfg = Debug|Any CPU
		{67B0614E-F35D-4129-A22F-122F987E0B5A}.Debug|Any CPU.Build.0 = Debug|Any CPU
		{67B0614E-F35D-4129-A22F-122F987E0B5A}.Release|Any CPU.ActiveCfg = Release|Any CPU
		{67B0614E-F35D-4129-A22F-122F987E0B5A}.Release|Any CPU.Build.0 = Release|Any CPU
		{3497DFF9-87A1-49F4-B422-1B2062961C97}.Debug|Any CPU.ActiveCfg = Debug|Any CPU
		{3497DFF9-87A1-49F4-B422-1B2062961C97}.Debug|Any CPU.Build.0 = Debug|Any CPU
		{3497DFF9-87A1-49F4-B422-1B2062961C97}.Release|Any CPU.ActiveCfg = Release|Any CPU
		{3497DFF9-87A1-49F4-B422-1B2062961C97}.Release|Any CPU.Build.0 = Release|Any CPU
		{F3B6193F-0537-497E-8372-DE086E35E70A}.Debug|Any CPU.ActiveCfg = Debug|Any CPU
		{F3B6193F-0537-497E-8372-DE086E35E70A}.Debug|Any CPU.Build.0 = Debug|Any CPU
		{F3B6193F-0537-497E-8372-DE086E35E70A}.Release|Any CPU.ActiveCfg = Release|Any CPU
		{F3B6193F-0537-497E-8372-DE086E35E70A}.Release|Any CPU.Build.0 = Release|Any CPU
		{66CC8CCA-CC90-4712-898A-2C9932CADDCC}.Debug|Any CPU.ActiveCfg = Debug|Any CPU
		{66CC8CCA-CC90-4712-898A-2C9932CADDCC}.Debug|Any CPU.Build.0 = Debug|Any CPU
		{66CC8CCA-CC90-4712-898A-2C9932CADDCC}.Release|Any CPU.ActiveCfg = Release|Any CPU
		{66CC8CCA-CC90-4712-898A-2C9932CADDCC}.Release|Any CPU.Build.0 = Release|Any CPU
		{CE313237-2798-4CA2-91E7-5309FCEC69A1}.Debug|Any CPU.ActiveCfg = Debug|Any CPU
		{CE313237-2798-4CA2-91E7-5309FCEC69A1}.Debug|Any CPU.Build.0 = Debug|Any CPU
		{CE313237-2798-4CA2-91E7-5309FCEC69A1}.Release|Any CPU.ActiveCfg = Release|Any CPU
		{CE313237-2798-4CA2-91E7-5309FCEC69A1}.Release|Any CPU.Build.0 = Release|Any CPU
		{FDEFEAD4-C8AE-4D4A-B9F7-3EC5831D55B7}.Debug|Any CPU.ActiveCfg = Debug|Any CPU
		{FDEFEAD4-C8AE-4D4A-B9F7-3EC5831D55B7}.Debug|Any CPU.Build.0 = Debug|Any CPU
		{FDEFEAD4-C8AE-4D4A-B9F7-3EC5831D55B7}.Release|Any CPU.ActiveCfg = Release|Any CPU
		{FDEFEAD4-C8AE-4D4A-B9F7-3EC5831D55B7}.Release|Any CPU.Build.0 = Release|Any CPU
		{18735468-F60A-465F-96DC-A8CF6226676A}.Debug|Any CPU.ActiveCfg = Debug|Any CPU
		{18735468-F60A-465F-96DC-A8CF6226676A}.Debug|Any CPU.Build.0 = Debug|Any CPU
		{18735468-F60A-465F-96DC-A8CF6226676A}.Release|Any CPU.ActiveCfg = Release|Any CPU
		{18735468-F60A-465F-96DC-A8CF6226676A}.Release|Any CPU.Build.0 = Release|Any CPU
	EndGlobalSection
	GlobalSection(SolutionProperties) = preSolution
		HideSolutionNode = FALSE
	EndGlobalSection
	GlobalSection(NestedProjects) = preSolution
		{9981E2ED-9691-40CD-9511-1E2BA7280DF0} = {9EFB519D-7A41-46C4-A3E4-B301EC57E1F9}
		{7F45B743-44E6-4B3E-9249-683913397D6F} = {9EFB519D-7A41-46C4-A3E4-B301EC57E1F9}
		{48636106-A9A4-4729-A8C9-711D45AC293E} = {9EFB519D-7A41-46C4-A3E4-B301EC57E1F9}
		{9D93CE1C-B49A-4A1E-8E6D-F14DD8492079} = {9EFB519D-7A41-46C4-A3E4-B301EC57E1F9}
		{72E78475-0B52-4A07-AE4F-0DA652863C22} = {9EFB519D-7A41-46C4-A3E4-B301EC57E1F9}
		{CACFBF4E-5E3B-4B39-942F-2B31709B955D} = {9EFB519D-7A41-46C4-A3E4-B301EC57E1F9}
		{9BEF2A63-283D-4F5D-A4A4-FC7AAA098D81} = {9EFB519D-7A41-46C4-A3E4-B301EC57E1F9}
		{683E6E57-A46E-4551-8247-86B77A8F2A11} = {9EFB519D-7A41-46C4-A3E4-B301EC57E1F9}
		{F5A92FD4-B827-4E85-BAE4-08CAC48DBB41} = {9DE7F757-854A-44FC-B095-C2C6AA2DA80E}
		{176D95F7-E290-42D3-8C1A-D68EA31F4BE9} = {4B132E91-6D6E-40FA-9F3C-51EE9FEED533}
		{710C07DC-A6E5-45CB-B307-ED049C477A9F} = {4B132E91-6D6E-40FA-9F3C-51EE9FEED533}
		{3B9D39D2-6D46-49AF-A9BA-55E85ED2EFE1} = {4B132E91-6D6E-40FA-9F3C-51EE9FEED533}
		{EAFD5961-7930-456C-BBE6-12FAE1B96805} = {4B132E91-6D6E-40FA-9F3C-51EE9FEED533}
		{09FF170D-7BDE-4BA2-BB67-30B6B82C0D1B} = {4B132E91-6D6E-40FA-9F3C-51EE9FEED533}
		{87F2259F-B9A2-47CB-B6FD-E159AB92506F} = {4B132E91-6D6E-40FA-9F3C-51EE9FEED533}
		{BD6090CB-4101-4254-9B58-2428411E0AE3} = {4B132E91-6D6E-40FA-9F3C-51EE9FEED533}
		{365ECA78-45DF-4EED-B33D-A8397FB1ED1C} = {4B132E91-6D6E-40FA-9F3C-51EE9FEED533}
		{6D0D5939-BC4E-403F-92E0-09D3220FBB0D} = {E762F6FE-F751-4CE1-9BA1-5832A8157553}
		{26266A4E-DAB8-4598-965E-AC63A91B7805} = {E762F6FE-F751-4CE1-9BA1-5832A8157553}
		{7D9C0C5F-8785-4515-B469-93D66FCE78F6} = {9EFB519D-7A41-46C4-A3E4-B301EC57E1F9}
		{99215C0A-7A1E-46E6-B5FE-4BDF47E87A22} = {9EFB519D-7A41-46C4-A3E4-B301EC57E1F9}
		{4CEB7CE1-2E49-4AAF-BA78-DF96C4D2C6D1} = {9EFB519D-7A41-46C4-A3E4-B301EC57E1F9}
		{F1C6F4EE-D75B-4F50-8BA9-4B9FF5B7E5D8} = {9DE7F757-854A-44FC-B095-C2C6AA2DA80E}
		{67B0614E-F35D-4129-A22F-122F987E0B5A} = {9DE7F757-854A-44FC-B095-C2C6AA2DA80E}
		{3497DFF9-87A1-49F4-B422-1B2062961C97} = {9DE7F757-854A-44FC-B095-C2C6AA2DA80E}
		{F3B6193F-0537-497E-8372-DE086E35E70A} = {9DE7F757-854A-44FC-B095-C2C6AA2DA80E}
		{66CC8CCA-CC90-4712-898A-2C9932CADDCC} = {9DE7F757-854A-44FC-B095-C2C6AA2DA80E}
		{CE313237-2798-4CA2-91E7-5309FCEC69A1} = {9DE7F757-854A-44FC-B095-C2C6AA2DA80E}
		{FDEFEAD4-C8AE-4D4A-B9F7-3EC5831D55B7} = {9DE7F757-854A-44FC-B095-C2C6AA2DA80E}
		{18735468-F60A-465F-96DC-A8CF6226676A} = {9DE7F757-854A-44FC-B095-C2C6AA2DA80E}
	EndGlobalSection
	GlobalSection(ExtensibilityGlobals) = postSolution
		SolutionGuid = {4C93C82A-CBC5-4B72-9040-B9B5AA587D25}
	EndGlobalSection
EndGlobal
