
Microsoft Visual Studio Solution File, Format Version 12.00
# Visual Studio Version 17
VisualStudioVersion = 17.1.32414.318
MinimumVisualStudioVersion = 10.0.40219.1
Project("{9A19103F-16F7-4668-BE54-9A1E7A4F7556}") = "Task1", "DemoApp\Task1.csproj", "{14FD3C04-EDD4-47D8-8F77-C522D0E64347}"
EndProject
Project("{9A19103F-16F7-4668-BE54-9A1E7A4F7556}") = "Task3", "Task3\Task3.csproj", "{53FA6A2D-D9FC-477E-810F-56067D0BA925}"
EndProject
Project("{9A19103F-16F7-4668-BE54-9A1E7A4F7556}") = "Task2", "Task2\Task2.csproj", "{C3E01857-8EB3-47DF-8678-FF4F0DEF44B5}"
EndProject
Project("{9A19103F-16F7-4668-BE54-9A1E7A4F7556}") = "Task4", "Task4\Task4.csproj", "{E0AA01C1-F15C-4F9F-B9E5-C95D08D13955}"
EndProject
Project("{9A19103F-16F7-4668-BE54-9A1E7A4F7556}") = "Task5", "Task5\Task5.csproj", "{CD3AEF1B-7FDD-433E-9004-AC7F49498400}"
EndProject
Project("{9A19103F-16F7-4668-BE54-9A1E7A4F7556}") = "Task6", "Task6\Task6.csproj", "{1A14970E-8D17-4EB5-A023-DE3136D9FC6F}"
EndProject
Project("{9A19103F-16F7-4668-BE54-9A1E7A4F7556}") = "Task7", "Task7\Task7.csproj", "{02B61259-8339-48B2-A7D3-0749304BBAF8}"
EndProject
Project("{9A19103F-16F7-4668-BE54-9A1E7A4F7556}") = "Task8", "Task8\Task8.csproj", "{7DB4D752-583A-4AB8-BB4C-8BE004D94948}"
EndProject
Project("{2150E333-8FDC-42A3-9474-1A3956D46DE8}") = "1_First Steps In Coding - Exercise", "1_First Steps In Coding - Exercise", "{3C9F69FB-00E7-4D78-A0DE-D4A231B0CE05}"
EndProject
Project("{2150E333-8FDC-42A3-9474-1A3956D46DE8}") = "2_First Steps In Coding - Lab", "2_First Steps In Coding - Lab", "{7A955869-03E9-463A-A4AD-09F06F7D9D3C}"
EndProject
Project("{9A19103F-16F7-4668-BE54-9A1E7A4F7556}") = "Task9", "Task9\Task9.csproj", "{92FC715B-9366-4A14-85D4-987EC9593D99}"
EndProject
Project("{9A19103F-16F7-4668-BE54-9A1E7A4F7556}") = "C1Task2", "C1Task1\C1Task2.csproj", "{083C81DE-4FA3-4653-AE33-6D9D324C29F0}"
EndProject
Project("{9A19103F-16F7-4668-BE54-9A1E7A4F7556}") = "C1Task3", "C1Task2\C1Task3.csproj", "{36840D02-0E6F-45C1-935A-32B98E07C146}"
EndProject
Project("{9A19103F-16F7-4668-BE54-9A1E7A4F7556}") = "C1Task4", "C1Task3\C1Task4.csproj", "{717453C2-DC67-4116-A742-A4F9CACEA407}"
EndProject
Project("{9A19103F-16F7-4668-BE54-9A1E7A4F7556}") = "C1Task5", "C1Task4\C1Task5.csproj", "{681F4199-FFE2-4038-A89A-DA295382A1F4}"
EndProject
Project("{9A19103F-16F7-4668-BE54-9A1E7A4F7556}") = "C1Task6", "C1Task6\C1Task6.csproj", "{0E9277E0-ADFA-4140-BD46-BD5E87C83811}"
EndProject
Project("{9A19103F-16F7-4668-BE54-9A1E7A4F7556}") = "C1Task7", "C1Task7\C1Task7.csproj", "{3684590B-161A-4A58-BF34-9B9E8AA54DA8}"
EndProject
Project("{9A19103F-16F7-4668-BE54-9A1E7A4F7556}") = "C1Task8", "C1Task8\C1Task8.csproj", "{5F63789E-80E3-401A-B51F-A2F28057A210}"
EndProject
Project("{9A19103F-16F7-4668-BE54-9A1E7A4F7556}") = "C1Task9", "C1Task9\C1Task9.csproj", "{0959DECB-8175-442E-B4A8-658C4A3A1CE8}"
EndProject
Project("{2150E333-8FDC-42A3-9474-1A3956D46DE8}") = "3_Conditional Statements - Lab", "3_Conditional Statements - Lab", "{6221151A-67EA-4F38-A10C-949F0105DEA2}"
EndProject
Project("{9A19103F-16F7-4668-BE54-9A1E7A4F7556}") = "1_ExcellentResult", "1_ExcellentResult\1_ExcellentResult.csproj", "{4F0495B7-56F0-4013-B558-F511F53594B8}"
EndProject
Project("{9A19103F-16F7-4668-BE54-9A1E7A4F7556}") = "2_GreaterNumber", "2_Greater Number\2_GreaterNumber.csproj", "{AB53BF8C-8306-46C2-9A72-CDDC9D57D07C}"
EndProject
Project("{9A19103F-16F7-4668-BE54-9A1E7A4F7556}") = "3_EvenOrOdd", "3_EvenOrOdd\3_EvenOrOdd.csproj", "{AA7786ED-C5C2-4308-9753-7DA5D5D9ACD6}"
EndProject
Project("{9A19103F-16F7-4668-BE54-9A1E7A4F7556}") = "4_PasswordGuess", "4_\4_PasswordGuess.csproj", "{8D0E616B-060F-42F5-AC22-168EE38B77D5}"
EndProject
Project("{9A19103F-16F7-4668-BE54-9A1E7A4F7556}") = "5_Number100._200", "5_Number100._200\5_Number100._200.csproj", "{EA229322-CDDC-4A84-9D3C-2EB4C5CEC484}"
EndProject
Project("{9A19103F-16F7-4668-BE54-9A1E7A4F7556}") = "6_SpeedInfo", "6_SpeedInfo\6_SpeedInfo.csproj", "{27D61045-D8F5-465E-8287-AECA1AAF5A01}"
EndProject
Project("{9A19103F-16F7-4668-BE54-9A1E7A4F7556}") = "7_AreaOfFigures", "7_AreaOfFigures\7_AreaOfFigures.csproj", "{B2B16706-2DA2-4D76-BE41-F2511CEE334B}"
EndProject
Project("{2150E333-8FDC-42A3-9474-1A3956D46DE8}") = "4_ConditionalStatements-Exercise", "4_ConditionalStatements-Exercise", "{8DB65CE7-8B8C-4963-9B89-6E64A5442F32}"
EndProject
Project("{9A19103F-16F7-4668-BE54-9A1E7A4F7556}") = "P1_SumSeconds", "1_\P1_SumSeconds.csproj", "{186AD21D-184A-47F6-B10F-8BFFD5AE3DFE}"
EndProject
Project("{FAE04EC0-301F-11D3-BF4B-00C04F79EFBC}") = "P2_BonusScore", "P2_BonusScore\P2_BonusScore.csproj", "{4EB80166-A753-45FF-8A0D-85336BCEA6FA}"
EndProject
Project("{FAE04EC0-301F-11D3-BF4B-00C04F79EFBC}") = "P3_Time+15 Minutes", "P3_Time+15 Minutes\P3_Time+15 Minutes.csproj", "{63A80F0C-3F20-483B-AC07-5A347910301A}"
EndProject
Global
	GlobalSection(SolutionConfigurationPlatforms) = preSolution
		Debug|Any CPU = Debug|Any CPU
		Release|Any CPU = Release|Any CPU
	EndGlobalSection
	GlobalSection(ProjectConfigurationPlatforms) = postSolution
		{14FD3C04-EDD4-47D8-8F77-C522D0E64347}.Debug|Any CPU.ActiveCfg = Debug|Any CPU
		{14FD3C04-EDD4-47D8-8F77-C522D0E64347}.Debug|Any CPU.Build.0 = Debug|Any CPU
		{14FD3C04-EDD4-47D8-8F77-C522D0E64347}.Release|Any CPU.ActiveCfg = Release|Any CPU
		{14FD3C04-EDD4-47D8-8F77-C522D0E64347}.Release|Any CPU.Build.0 = Release|Any CPU
		{53FA6A2D-D9FC-477E-810F-56067D0BA925}.Debug|Any CPU.ActiveCfg = Debug|Any CPU
		{53FA6A2D-D9FC-477E-810F-56067D0BA925}.Debug|Any CPU.Build.0 = Debug|Any CPU
		{53FA6A2D-D9FC-477E-810F-56067D0BA925}.Release|Any CPU.ActiveCfg = Release|Any CPU
		{53FA6A2D-D9FC-477E-810F-56067D0BA925}.Release|Any CPU.Build.0 = Release|Any CPU
		{C3E01857-8EB3-47DF-8678-FF4F0DEF44B5}.Debug|Any CPU.ActiveCfg = Debug|Any CPU
		{C3E01857-8EB3-47DF-8678-FF4F0DEF44B5}.Debug|Any CPU.Build.0 = Debug|Any CPU
		{C3E01857-8EB3-47DF-8678-FF4F0DEF44B5}.Release|Any CPU.ActiveCfg = Release|Any CPU
		{C3E01857-8EB3-47DF-8678-FF4F0DEF44B5}.Release|Any CPU.Build.0 = Release|Any CPU
		{E0AA01C1-F15C-4F9F-B9E5-C95D08D13955}.Debug|Any CPU.ActiveCfg = Debug|Any CPU
		{E0AA01C1-F15C-4F9F-B9E5-C95D08D13955}.Debug|Any CPU.Build.0 = Debug|Any CPU
		{E0AA01C1-F15C-4F9F-B9E5-C95D08D13955}.Release|Any CPU.ActiveCfg = Release|Any CPU
		{E0AA01C1-F15C-4F9F-B9E5-C95D08D13955}.Release|Any CPU.Build.0 = Release|Any CPU
		{CD3AEF1B-7FDD-433E-9004-AC7F49498400}.Debug|Any CPU.ActiveCfg = Debug|Any CPU
		{CD3AEF1B-7FDD-433E-9004-AC7F49498400}.Debug|Any CPU.Build.0 = Debug|Any CPU
		{CD3AEF1B-7FDD-433E-9004-AC7F49498400}.Release|Any CPU.ActiveCfg = Release|Any CPU
		{CD3AEF1B-7FDD-433E-9004-AC7F49498400}.Release|Any CPU.Build.0 = Release|Any CPU
		{1A14970E-8D17-4EB5-A023-DE3136D9FC6F}.Debug|Any CPU.ActiveCfg = Debug|Any CPU
		{1A14970E-8D17-4EB5-A023-DE3136D9FC6F}.Debug|Any CPU.Build.0 = Debug|Any CPU
		{1A14970E-8D17-4EB5-A023-DE3136D9FC6F}.Release|Any CPU.ActiveCfg = Release|Any CPU
		{1A14970E-8D17-4EB5-A023-DE3136D9FC6F}.Release|Any CPU.Build.0 = Release|Any CPU
		{02B61259-8339-48B2-A7D3-0749304BBAF8}.Debug|Any CPU.ActiveCfg = Debug|Any CPU
		{02B61259-8339-48B2-A7D3-0749304BBAF8}.Debug|Any CPU.Build.0 = Debug|Any CPU
		{02B61259-8339-48B2-A7D3-0749304BBAF8}.Release|Any CPU.ActiveCfg = Release|Any CPU
		{02B61259-8339-48B2-A7D3-0749304BBAF8}.Release|Any CPU.Build.0 = Release|Any CPU
		{7DB4D752-583A-4AB8-BB4C-8BE004D94948}.Debug|Any CPU.ActiveCfg = Debug|Any CPU
		{7DB4D752-583A-4AB8-BB4C-8BE004D94948}.Debug|Any CPU.Build.0 = Debug|Any CPU
		{7DB4D752-583A-4AB8-BB4C-8BE004D94948}.Release|Any CPU.ActiveCfg = Release|Any CPU
		{7DB4D752-583A-4AB8-BB4C-8BE004D94948}.Release|Any CPU.Build.0 = Release|Any CPU
		{92FC715B-9366-4A14-85D4-987EC9593D99}.Debug|Any CPU.ActiveCfg = Debug|Any CPU
		{92FC715B-9366-4A14-85D4-987EC9593D99}.Debug|Any CPU.Build.0 = Debug|Any CPU
		{92FC715B-9366-4A14-85D4-987EC9593D99}.Release|Any CPU.ActiveCfg = Release|Any CPU
		{92FC715B-9366-4A14-85D4-987EC9593D99}.Release|Any CPU.Build.0 = Release|Any CPU
		{083C81DE-4FA3-4653-AE33-6D9D324C29F0}.Debug|Any CPU.ActiveCfg = Debug|Any CPU
		{083C81DE-4FA3-4653-AE33-6D9D324C29F0}.Debug|Any CPU.Build.0 = Debug|Any CPU
		{083C81DE-4FA3-4653-AE33-6D9D324C29F0}.Release|Any CPU.ActiveCfg = Release|Any CPU
		{083C81DE-4FA3-4653-AE33-6D9D324C29F0}.Release|Any CPU.Build.0 = Release|Any CPU
		{36840D02-0E6F-45C1-935A-32B98E07C146}.Debug|Any CPU.ActiveCfg = Debug|Any CPU
		{36840D02-0E6F-45C1-935A-32B98E07C146}.Debug|Any CPU.Build.0 = Debug|Any CPU
		{36840D02-0E6F-45C1-935A-32B98E07C146}.Release|Any CPU.ActiveCfg = Release|Any CPU
		{36840D02-0E6F-45C1-935A-32B98E07C146}.Release|Any CPU.Build.0 = Release|Any CPU
		{717453C2-DC67-4116-A742-A4F9CACEA407}.Debug|Any CPU.ActiveCfg = Debug|Any CPU
		{717453C2-DC67-4116-A742-A4F9CACEA407}.Debug|Any CPU.Build.0 = Debug|Any CPU
		{717453C2-DC67-4116-A742-A4F9CACEA407}.Release|Any CPU.ActiveCfg = Release|Any CPU
		{717453C2-DC67-4116-A742-A4F9CACEA407}.Release|Any CPU.Build.0 = Release|Any CPU
		{681F4199-FFE2-4038-A89A-DA295382A1F4}.Debug|Any CPU.ActiveCfg = Debug|Any CPU
		{681F4199-FFE2-4038-A89A-DA295382A1F4}.Debug|Any CPU.Build.0 = Debug|Any CPU
		{681F4199-FFE2-4038-A89A-DA295382A1F4}.Release|Any CPU.ActiveCfg = Release|Any CPU
		{681F4199-FFE2-4038-A89A-DA295382A1F4}.Release|Any CPU.Build.0 = Release|Any CPU
		{0E9277E0-ADFA-4140-BD46-BD5E87C83811}.Debug|Any CPU.ActiveCfg = Debug|Any CPU
		{0E9277E0-ADFA-4140-BD46-BD5E87C83811}.Debug|Any CPU.Build.0 = Debug|Any CPU
		{0E9277E0-ADFA-4140-BD46-BD5E87C83811}.Release|Any CPU.ActiveCfg = Release|Any CPU
		{0E9277E0-ADFA-4140-BD46-BD5E87C83811}.Release|Any CPU.Build.0 = Release|Any CPU
		{3684590B-161A-4A58-BF34-9B9E8AA54DA8}.Debug|Any CPU.ActiveCfg = Debug|Any CPU
		{3684590B-161A-4A58-BF34-9B9E8AA54DA8}.Debug|Any CPU.Build.0 = Debug|Any CPU
		{3684590B-161A-4A58-BF34-9B9E8AA54DA8}.Release|Any CPU.ActiveCfg = Release|Any CPU
		{3684590B-161A-4A58-BF34-9B9E8AA54DA8}.Release|Any CPU.Build.0 = Release|Any CPU
		{5F63789E-80E3-401A-B51F-A2F28057A210}.Debug|Any CPU.ActiveCfg = Debug|Any CPU
		{5F63789E-80E3-401A-B51F-A2F28057A210}.Debug|Any CPU.Build.0 = Debug|Any CPU
		{5F63789E-80E3-401A-B51F-A2F28057A210}.Release|Any CPU.ActiveCfg = Release|Any CPU
		{5F63789E-80E3-401A-B51F-A2F28057A210}.Release|Any CPU.Build.0 = Release|Any CPU
		{0959DECB-8175-442E-B4A8-658C4A3A1CE8}.Debug|Any CPU.ActiveCfg = Debug|Any CPU
		{0959DECB-8175-442E-B4A8-658C4A3A1CE8}.Debug|Any CPU.Build.0 = Debug|Any CPU
		{0959DECB-8175-442E-B4A8-658C4A3A1CE8}.Release|Any CPU.ActiveCfg = Release|Any CPU
		{0959DECB-8175-442E-B4A8-658C4A3A1CE8}.Release|Any CPU.Build.0 = Release|Any CPU
		{4F0495B7-56F0-4013-B558-F511F53594B8}.Debug|Any CPU.ActiveCfg = Debug|Any CPU
		{4F0495B7-56F0-4013-B558-F511F53594B8}.Debug|Any CPU.Build.0 = Debug|Any CPU
		{4F0495B7-56F0-4013-B558-F511F53594B8}.Release|Any CPU.ActiveCfg = Release|Any CPU
		{4F0495B7-56F0-4013-B558-F511F53594B8}.Release|Any CPU.Build.0 = Release|Any CPU
		{AB53BF8C-8306-46C2-9A72-CDDC9D57D07C}.Debug|Any CPU.ActiveCfg = Debug|Any CPU
		{AB53BF8C-8306-46C2-9A72-CDDC9D57D07C}.Debug|Any CPU.Build.0 = Debug|Any CPU
		{AB53BF8C-8306-46C2-9A72-CDDC9D57D07C}.Release|Any CPU.ActiveCfg = Release|Any CPU
		{AB53BF8C-8306-46C2-9A72-CDDC9D57D07C}.Release|Any CPU.Build.0 = Release|Any CPU
		{AA7786ED-C5C2-4308-9753-7DA5D5D9ACD6}.Debug|Any CPU.ActiveCfg = Debug|Any CPU
		{AA7786ED-C5C2-4308-9753-7DA5D5D9ACD6}.Debug|Any CPU.Build.0 = Debug|Any CPU
		{AA7786ED-C5C2-4308-9753-7DA5D5D9ACD6}.Release|Any CPU.ActiveCfg = Release|Any CPU
		{AA7786ED-C5C2-4308-9753-7DA5D5D9ACD6}.Release|Any CPU.Build.0 = Release|Any CPU
		{8D0E616B-060F-42F5-AC22-168EE38B77D5}.Debug|Any CPU.ActiveCfg = Debug|Any CPU
		{8D0E616B-060F-42F5-AC22-168EE38B77D5}.Debug|Any CPU.Build.0 = Debug|Any CPU
		{8D0E616B-060F-42F5-AC22-168EE38B77D5}.Release|Any CPU.ActiveCfg = Release|Any CPU
		{8D0E616B-060F-42F5-AC22-168EE38B77D5}.Release|Any CPU.Build.0 = Release|Any CPU
		{EA229322-CDDC-4A84-9D3C-2EB4C5CEC484}.Debug|Any CPU.ActiveCfg = Debug|Any CPU
		{EA229322-CDDC-4A84-9D3C-2EB4C5CEC484}.Debug|Any CPU.Build.0 = Debug|Any CPU
		{EA229322-CDDC-4A84-9D3C-2EB4C5CEC484}.Release|Any CPU.ActiveCfg = Release|Any CPU
		{EA229322-CDDC-4A84-9D3C-2EB4C5CEC484}.Release|Any CPU.Build.0 = Release|Any CPU
		{27D61045-D8F5-465E-8287-AECA1AAF5A01}.Debug|Any CPU.ActiveCfg = Debug|Any CPU
		{27D61045-D8F5-465E-8287-AECA1AAF5A01}.Debug|Any CPU.Build.0 = Debug|Any CPU
		{27D61045-D8F5-465E-8287-AECA1AAF5A01}.Release|Any CPU.ActiveCfg = Release|Any CPU
		{27D61045-D8F5-465E-8287-AECA1AAF5A01}.Release|Any CPU.Build.0 = Release|Any CPU
		{B2B16706-2DA2-4D76-BE41-F2511CEE334B}.Debug|Any CPU.ActiveCfg = Debug|Any CPU
		{B2B16706-2DA2-4D76-BE41-F2511CEE334B}.Debug|Any CPU.Build.0 = Debug|Any CPU
		{B2B16706-2DA2-4D76-BE41-F2511CEE334B}.Release|Any CPU.ActiveCfg = Release|Any CPU
		{B2B16706-2DA2-4D76-BE41-F2511CEE334B}.Release|Any CPU.Build.0 = Release|Any CPU
		{186AD21D-184A-47F6-B10F-8BFFD5AE3DFE}.Debug|Any CPU.ActiveCfg = Debug|Any CPU
		{186AD21D-184A-47F6-B10F-8BFFD5AE3DFE}.Debug|Any CPU.Build.0 = Debug|Any CPU
		{186AD21D-184A-47F6-B10F-8BFFD5AE3DFE}.Release|Any CPU.ActiveCfg = Release|Any CPU
		{186AD21D-184A-47F6-B10F-8BFFD5AE3DFE}.Release|Any CPU.Build.0 = Release|Any CPU
		{4EB80166-A753-45FF-8A0D-85336BCEA6FA}.Debug|Any CPU.ActiveCfg = Debug|Any CPU
		{4EB80166-A753-45FF-8A0D-85336BCEA6FA}.Debug|Any CPU.Build.0 = Debug|Any CPU
		{4EB80166-A753-45FF-8A0D-85336BCEA6FA}.Release|Any CPU.ActiveCfg = Release|Any CPU
		{4EB80166-A753-45FF-8A0D-85336BCEA6FA}.Release|Any CPU.Build.0 = Release|Any CPU
		{63A80F0C-3F20-483B-AC07-5A347910301A}.Debug|Any CPU.ActiveCfg = Debug|Any CPU
		{63A80F0C-3F20-483B-AC07-5A347910301A}.Debug|Any CPU.Build.0 = Debug|Any CPU
		{63A80F0C-3F20-483B-AC07-5A347910301A}.Release|Any CPU.ActiveCfg = Release|Any CPU
		{63A80F0C-3F20-483B-AC07-5A347910301A}.Release|Any CPU.Build.0 = Release|Any CPU
	EndGlobalSection
	GlobalSection(SolutionProperties) = preSolution
		HideSolutionNode = FALSE
	EndGlobalSection
	GlobalSection(NestedProjects) = preSolution
		{14FD3C04-EDD4-47D8-8F77-C522D0E64347} = {3C9F69FB-00E7-4D78-A0DE-D4A231B0CE05}
		{53FA6A2D-D9FC-477E-810F-56067D0BA925} = {3C9F69FB-00E7-4D78-A0DE-D4A231B0CE05}
		{C3E01857-8EB3-47DF-8678-FF4F0DEF44B5} = {3C9F69FB-00E7-4D78-A0DE-D4A231B0CE05}
		{E0AA01C1-F15C-4F9F-B9E5-C95D08D13955} = {3C9F69FB-00E7-4D78-A0DE-D4A231B0CE05}
		{CD3AEF1B-7FDD-433E-9004-AC7F49498400} = {3C9F69FB-00E7-4D78-A0DE-D4A231B0CE05}
		{1A14970E-8D17-4EB5-A023-DE3136D9FC6F} = {3C9F69FB-00E7-4D78-A0DE-D4A231B0CE05}
		{02B61259-8339-48B2-A7D3-0749304BBAF8} = {3C9F69FB-00E7-4D78-A0DE-D4A231B0CE05}
		{7DB4D752-583A-4AB8-BB4C-8BE004D94948} = {3C9F69FB-00E7-4D78-A0DE-D4A231B0CE05}
		{92FC715B-9366-4A14-85D4-987EC9593D99} = {3C9F69FB-00E7-4D78-A0DE-D4A231B0CE05}
		{083C81DE-4FA3-4653-AE33-6D9D324C29F0} = {7A955869-03E9-463A-A4AD-09F06F7D9D3C}
		{36840D02-0E6F-45C1-935A-32B98E07C146} = {7A955869-03E9-463A-A4AD-09F06F7D9D3C}
		{717453C2-DC67-4116-A742-A4F9CACEA407} = {7A955869-03E9-463A-A4AD-09F06F7D9D3C}
		{681F4199-FFE2-4038-A89A-DA295382A1F4} = {7A955869-03E9-463A-A4AD-09F06F7D9D3C}
		{0E9277E0-ADFA-4140-BD46-BD5E87C83811} = {7A955869-03E9-463A-A4AD-09F06F7D9D3C}
		{3684590B-161A-4A58-BF34-9B9E8AA54DA8} = {7A955869-03E9-463A-A4AD-09F06F7D9D3C}
		{5F63789E-80E3-401A-B51F-A2F28057A210} = {7A955869-03E9-463A-A4AD-09F06F7D9D3C}
		{0959DECB-8175-442E-B4A8-658C4A3A1CE8} = {7A955869-03E9-463A-A4AD-09F06F7D9D3C}
		{4F0495B7-56F0-4013-B558-F511F53594B8} = {6221151A-67EA-4F38-A10C-949F0105DEA2}
		{AB53BF8C-8306-46C2-9A72-CDDC9D57D07C} = {6221151A-67EA-4F38-A10C-949F0105DEA2}
		{AA7786ED-C5C2-4308-9753-7DA5D5D9ACD6} = {6221151A-67EA-4F38-A10C-949F0105DEA2}
		{8D0E616B-060F-42F5-AC22-168EE38B77D5} = {6221151A-67EA-4F38-A10C-949F0105DEA2}
		{EA229322-CDDC-4A84-9D3C-2EB4C5CEC484} = {6221151A-67EA-4F38-A10C-949F0105DEA2}
		{27D61045-D8F5-465E-8287-AECA1AAF5A01} = {6221151A-67EA-4F38-A10C-949F0105DEA2}
		{B2B16706-2DA2-4D76-BE41-F2511CEE334B} = {6221151A-67EA-4F38-A10C-949F0105DEA2}
		{186AD21D-184A-47F6-B10F-8BFFD5AE3DFE} = {8DB65CE7-8B8C-4963-9B89-6E64A5442F32}
		{4EB80166-A753-45FF-8A0D-85336BCEA6FA} = {8DB65CE7-8B8C-4963-9B89-6E64A5442F32}
		{63A80F0C-3F20-483B-AC07-5A347910301A} = {8DB65CE7-8B8C-4963-9B89-6E64A5442F32}
	EndGlobalSection
	GlobalSection(ExtensibilityGlobals) = postSolution
		SolutionGuid = {DF94765E-3D71-4187-A2F9-34A1A3E236FD}
	EndGlobalSection
EndGlobal
