
Microsoft Visual Studio Solution File, Format Version 12.00
# Visual Studio Version 17
VisualStudioVersion = 17.1.32210.238
MinimumVisualStudioVersion = 10.0.40219.1
Project("{2150E333-8FDC-42A3-9474-1A3956D46DE8}") = "Conditional Statements - Exercise", "Conditional Statements - Exercise", "{EAFA1907-7C6F-47E6-A2F0-A558C0352640}"
EndProject
Project("{9A19103F-16F7-4668-BE54-9A1E7A4F7556}") = "P1_SumSeconds", "Conditional Statements - Exercise\P1_SumSeconds\P1_SumSeconds.csproj", "{4923EB1B-0F84-4820-B000-CB80EB6B75DE}"
EndProject
Project("{9A19103F-16F7-4668-BE54-9A1E7A4F7556}") = "P2_BonusScore", "Conditional Statements - Exercise\P2_BonusScore\P2_BonusScore.csproj", "{550C26BE-26F7-4506-ACFF-928EDAF53C31}"
EndProject
Project("{9A19103F-16F7-4668-BE54-9A1E7A4F7556}") = "P3_Time+15 Minutes", "Conditional Statements - Exercise\P3_Time+15 Minutes\P3_Time+15 Minutes.csproj", "{2861D09C-147F-484F-83E2-AAACE631B5EA}"
EndProject
Project("{2150E333-8FDC-42A3-9474-1A3956D46DE8}") = "Conditional Statements - Lab", "Conditional Statements - Lab", "{F0F8B6E6-E39A-4F6D-974D-65B0E02697F9}"
EndProject
Project("{9A19103F-16F7-4668-BE54-9A1E7A4F7556}") = "P1_ExcellentResult", "Conditional Statements - Lab\P1_ExcellentResult\P1_ExcellentResult.csproj", "{4CDA6F72-BD9D-45DB-9123-267F20409048}"
EndProject
Project("{9A19103F-16F7-4668-BE54-9A1E7A4F7556}") = "P2_GreaterNumber", "Conditional Statements - Lab\P2_GreaterNumber\P2_GreaterNumber.csproj", "{6EB89537-325B-43FC-B18E-FFF23FFD46B7}"
EndProject
Project("{9A19103F-16F7-4668-BE54-9A1E7A4F7556}") = "P3_EvenOrOdd", "Conditional Statements - Lab\P3_EvenOrOdd\P3_EvenOrOdd.csproj", "{EB760D41-7781-4438-A849-0037745A001D}"
EndProject
Project("{9A19103F-16F7-4668-BE54-9A1E7A4F7556}") = "P4_PasswordGuess", "Conditional Statements - Lab\P4_PasswordGuess\P4_PasswordGuess.csproj", "{3DD9739E-4B37-4BC1-8365-75410242E440}"
EndProject
Project("{9A19103F-16F7-4668-BE54-9A1E7A4F7556}") = "P5_Number100._200", "Conditional Statements - Lab\P5_Number100._200\P5_Number100._200.csproj", "{5938097E-A132-403A-80CF-586298FC5527}"
EndProject
Project("{9A19103F-16F7-4668-BE54-9A1E7A4F7556}") = "P6_SpeedInfo", "Conditional Statements - Lab\P6_SpeedInfo\P6_SpeedInfo.csproj", "{DEFABD84-6623-4383-8EE5-27464C8C555D}"
EndProject
Project("{9A19103F-16F7-4668-BE54-9A1E7A4F7556}") = "P7_AreaOfFigures", "Conditional Statements - Lab\P7_AreaOfFigures\P7_AreaOfFigures.csproj", "{F97D7C06-E57B-4458-ABB9-1C6F465F65A8}"
EndProject
Project("{2150E333-8FDC-42A3-9474-1A3956D46DE8}") = "First Steps In Coding - Lab", "First Steps In Coding - Lab", "{663E1798-64AF-4DE6-B1B2-06F9B56CA5FA}"
EndProject
Project("{9A19103F-16F7-4668-BE54-9A1E7A4F7556}") = "P2_Nums1to10", "First Steps In Coding - Lab\P2_Nums1to10\P2_Nums1to10.csproj", "{23A7CDB9-5D2A-4F06-93DD-116C14BB1395}"
EndProject
Project("{9A19103F-16F7-4668-BE54-9A1E7A4F7556}") = "P3_RectangleArea", "First Steps In Coding - Lab\P3_RectangleArea\P3_RectangleArea.csproj", "{64D938E1-C831-404E-9065-04E611625B91}"
EndProject
Project("{9A19103F-16F7-4668-BE54-9A1E7A4F7556}") = "P4_ InchesToCentimeters", "First Steps In Coding - Lab\P4_ InchesToCentimeters\P4_ InchesToCentimeters.csproj", "{EC6BAF51-F8A7-4587-B888-4D01AE3B4438}"
EndProject
Project("{9A19103F-16F7-4668-BE54-9A1E7A4F7556}") = "P5_GreetingByName", "First Steps In Coding - Lab\P5_GreetingByName\P5_GreetingByName.csproj", "{FAAF21DF-79E3-47EC-BF25-5F7B6E15D81E}"
EndProject
Project("{9A19103F-16F7-4668-BE54-9A1E7A4F7556}") = "P6_ConcatenateData", "First Steps In Coding - Lab\P6_ConcatenateData\P6_ConcatenateData.csproj", "{F188F353-C78C-4E85-B126-11DF24FEEC11}"
EndProject
Project("{9A19103F-16F7-4668-BE54-9A1E7A4F7556}") = "P7_ProjectsCreation", "First Steps In Coding - Lab\P7_ProjectsCreation\P7_ProjectsCreation.csproj", "{D5CD39D6-799F-4A0F-A523-B2BE1CBB652B}"
EndProject
Project("{9A19103F-16F7-4668-BE54-9A1E7A4F7556}") = "P8_PetShop", "First Steps In Coding - Lab\P8_PetShop\P8_PetShop.csproj", "{C6C3A525-DF80-4A68-8079-1B1EC8880916}"
EndProject
Project("{9A19103F-16F7-4668-BE54-9A1E7A4F7556}") = "P9_YardGreening", "First Steps In Coding - Lab\P9_YardGreening\P9_YardGreening.csproj", "{689A8A5B-8458-4CD4-AA1C-23538EE454F1}"
EndProject
Project("{2150E333-8FDC-42A3-9474-1A3956D46DE8}") = "First Steps In Coding - Exercise", "First Steps In Coding - Exercise", "{91BB4694-EC56-4865-A975-AAC92F569610}"
EndProject
Project("{9A19103F-16F7-4668-BE54-9A1E7A4F7556}") = "P2_RadiansToDegrees", "First Steps In Coding - Exercise\P2_RadiansToDegrees\P2_RadiansToDegrees.csproj", "{0A2559AC-24D3-4C78-9FB8-8DC344152BEA}"
EndProject
Project("{9A19103F-16F7-4668-BE54-9A1E7A4F7556}") = "P3_DepositCalculator", "First Steps In Coding - Exercise\P3_DepositCalculator\P3_DepositCalculator.csproj", "{2D1A94F2-963C-4EC5-8819-D6762DCE3C89}"
EndProject
Project("{9A19103F-16F7-4668-BE54-9A1E7A4F7556}") = "P4_VacationBooksList", "First Steps In Coding - Exercise\P4_VacationBooksList\P4_VacationBooksList.csproj", "{A7A32949-A239-4371-9AE5-CF27ABD69DCD}"
EndProject
Project("{9A19103F-16F7-4668-BE54-9A1E7A4F7556}") = "P5_SuppliesForSchool", "First Steps In Coding - Exercise\P5_SuppliesForSchool\P5_SuppliesForSchool.csproj", "{380AF2D0-AB5C-4A16-BE81-4356BE502847}"
EndProject
Project("{9A19103F-16F7-4668-BE54-9A1E7A4F7556}") = "P6_Repainting", "First Steps In Coding - Exercise\P6_Repainting\P6_Repainting.csproj", "{8EC18E74-EDE4-44EA-858A-6BE77DE285DC}"
EndProject
Project("{9A19103F-16F7-4668-BE54-9A1E7A4F7556}") = "P7_FoodDelivery", "First Steps In Coding - Exercise\P7_FoodDelivery\P7_FoodDelivery.csproj", "{E89614C9-7F40-4D2F-A3C3-DAE1FA5E0C7B}"
EndProject
Project("{9A19103F-16F7-4668-BE54-9A1E7A4F7556}") = "P8_BasketballEquipment", "First Steps In Coding - Exercise\P8_BasketballEquipment\P8_BasketballEquipment.csproj", "{AE62FF91-E74F-4912-A12F-7D67D48308F3}"
EndProject
Project("{9A19103F-16F7-4668-BE54-9A1E7A4F7556}") = "P9_FishTank", "First Steps In Coding - Exercise\P9_FishTank\P9_FishTank.csproj", "{7B82D99B-D804-44D9-8850-F31A0125C1D1}"
EndProject
Project("{9A19103F-16F7-4668-BE54-9A1E7A4F7556}") = "P1_HelloSoftUni", "First Steps In Coding - Lab\P1_HelloSoftUni\P1_HelloSoftUni.csproj", "{087797AB-3912-4991-9743-0252573C834F}"
EndProject
Project("{9A19103F-16F7-4668-BE54-9A1E7A4F7556}") = "P1_USDtoBGN", "First Steps In Coding - Exercise\P1_USDtoBGN\P1_USDtoBGN.csproj", "{AA8F2F7C-C703-448B-87A2-53E90E36D17C}"
EndProject
Project("{9A19103F-16F7-4668-BE54-9A1E7A4F7556}") = "P4_ToyShop", "Conditional Statements - Exercise\P4_ToyShop\P4_ToyShop.csproj", "{0680C18F-6EB0-4426-ACF8-38F4C73D398C}"
EndProject
Project("{9A19103F-16F7-4668-BE54-9A1E7A4F7556}") = "P5_GodzillaVsKong", "Conditional Statements - Exercise\P5_GodzillaVsKong\P5_GodzillaVsKong.csproj", "{3AA3A42F-9774-42D6-AC9D-BD276CE84F09}"
EndProject
Project("{9A19103F-16F7-4668-BE54-9A1E7A4F7556}") = "P6_WorldSwimmingRecord", "Conditional Statements - Exercise\P6_WorldSwimmingRecord\P6_WorldSwimmingRecord.csproj", "{FB91F3C2-DD49-4B35-B10B-ED3709025AEA}"
EndProject
Project("{9A19103F-16F7-4668-BE54-9A1E7A4F7556}") = "P7_Shopping", "Conditional Statements - Exercise\P7_Shopping\P7_Shopping.csproj", "{5070A32B-E809-4BE8-9BAF-D0627C155A9E}"
EndProject
Project("{9A19103F-16F7-4668-BE54-9A1E7A4F7556}") = "P8_LunchBreak", "Conditional Statements - Exercise\P8_LunchBreak\P8_LunchBreak.csproj", "{3F4A6E85-128C-4669-BB16-CEC5A1C71B1B}"
EndProject
Project("{2150E333-8FDC-42A3-9474-1A3956D46DE8}") = "Conditional Statements Advanced - Lab", "Conditional Statements Advanced - Lab", "{5766FCEE-48E0-4A27-9788-37F07A4985E4}"
EndProject
Project("{9A19103F-16F7-4668-BE54-9A1E7A4F7556}") = "P1_DayOfWeek", "ConditionalStatementsAdvanced-Lab\P1_DayOfWeek\P1_DayOfWeek.csproj", "{A79ACE1C-7783-462B-B621-07FCA47C62E3}"
EndProject
Project("{9A19103F-16F7-4668-BE54-9A1E7A4F7556}") = "P2_WeekendOrWorkingDay", "ConditionalStatementsAdvanced-Lab\P2_WeekendOrWorkingDay\P2_WeekendOrWorkingDay.csproj", "{9783B8E0-2958-4A61-96FB-01068BB7B65A}"
EndProject
Project("{9A19103F-16F7-4668-BE54-9A1E7A4F7556}") = "P3_AnimalType", "ConditionalStatementsAdvanced-Lab\P3_AnimalType\P3_AnimalType.csproj", "{1850E1BA-19A0-4768-A46D-2F06115A1CD2}"
EndProject
Project("{9A19103F-16F7-4668-BE54-9A1E7A4F7556}") = "P4_PersonalTitles", "ConditionalStatementsAdvanced-Lab\P4_PersonalTitles\P4_PersonalTitles.csproj", "{AFE24BA2-E293-4C4D-B5E6-B34B0C20CEAA}"
EndProject
Project("{9A19103F-16F7-4668-BE54-9A1E7A4F7556}") = "P5_SmallShop", "ConditionalStatementsAdvanced-Lab\P5_SmallShop\P5_SmallShop.csproj", "{EE2EF2B4-13DB-4E38-934A-19607C0D7911}"
EndProject
Project("{9A19103F-16F7-4668-BE54-9A1E7A4F7556}") = "P6_NumberInRange", "ConditionalStatementsAdvanced-Lab\P6_NumberInRange\P6_NumberInRange.csproj", "{E9B3D3A2-6AD8-4C49-81D9-CEB519DD4856}"
EndProject
Project("{9A19103F-16F7-4668-BE54-9A1E7A4F7556}") = "P7_WorkingHours", "ConditionalStatementsAdvanced-Lab\P7_WorkingHours\P7_WorkingHours.csproj", "{05E9E770-4688-4D14-904D-948A3D0C2A23}"
EndProject
Project("{9A19103F-16F7-4668-BE54-9A1E7A4F7556}") = "P9_FruitOrVegetable", "ConditionalStatementsAdvanced-Lab\P9_FruitOrVegetable\P9_FruitOrVegetable.csproj", "{851D3721-91EB-46CC-9897-7CF812A44D2C}"
EndProject
Project("{9A19103F-16F7-4668-BE54-9A1E7A4F7556}") = "P8_CinemaTicket", "ConditionalStatementsAdvanced-Lab\P8_CinemaTicket\P8_CinemaTicket.csproj", "{80B18653-0AC9-4082-B853-D120BB58B12D}"
EndProject
Project("{9A19103F-16F7-4668-BE54-9A1E7A4F7556}") = "P10_InvalidNumber", "ConditionalStatementsAdvanced-Lab\P10_InvalidNumber\P10_InvalidNumber.csproj", "{18ABD97A-37A1-4ECD-91E1-5F30E5A70776}"
EndProject
Project("{9A19103F-16F7-4668-BE54-9A1E7A4F7556}") = "P12_TradeCommissions", "ConditionalStatementsAdvanced-Lab\P12_TradeCommissions\P12_TradeCommissions.csproj", "{8236D892-F1A7-4892-9638-19D29EC17D14}"
EndProject
Project("{9A19103F-16F7-4668-BE54-9A1E7A4F7556}") = "P11_FruitShop", "ConditionalStatementsAdvanced-Lab\P11_FruitShop\P11_FruitShop.csproj", "{B6A52B58-7833-49D6-81EC-A7BC6275C853}"
EndProject
Project("{2150E333-8FDC-42A3-9474-1A3956D46DE8}") = "Conditional Statements Advanced - Exercise", "Conditional Statements Advanced - Exercise", "{CEE04782-9ADF-4D58-9D4A-1D9D479BDB24}"
EndProject
Project("{9A19103F-16F7-4668-BE54-9A1E7A4F7556}") = "P1_Cinema", "Conditional Statements Advanced - Exercise\P1_Cinema\P1_Cinema.csproj", "{BF256E2E-4131-4BDC-A7EE-183B961DEA8A}"
EndProject
Project("{9A19103F-16F7-4668-BE54-9A1E7A4F7556}") = "P2_SummerOutfit", "Conditional Statements Advanced - Exercise\P2_SummerOutfit\P2_SummerOutfit.csproj", "{40E19998-A362-4C41-A67D-4EA049B6E318}"
EndProject
Project("{9A19103F-16F7-4668-BE54-9A1E7A4F7556}") = "P4_FishingBoat", "Conditional Statements Advanced - Exercise\P4_FishingBoat\P4_FishingBoat.csproj", "{AC142D1B-2900-4A1C-B930-B18C46FDDDD9}"
EndProject
Project("{9A19103F-16F7-4668-BE54-9A1E7A4F7556}") = "P3_NewHouse", "Conditional Statements Advanced - Exercise\P3_NewHouse\P3_NewHouse.csproj", "{702447FA-EF1C-4842-8E12-F03EB29C5D33}"
EndProject
Project("{9A19103F-16F7-4668-BE54-9A1E7A4F7556}") = "P6_OperationsBetweenNumbers", "Conditional Statements Advanced - Exercise\P6_OperationsBetweenNumbers\P6_OperationsBetweenNumbers.csproj", "{97903EBC-6F24-41C5-98D3-E0D67FCEA97E}"
EndProject
Project("{9A19103F-16F7-4668-BE54-9A1E7A4F7556}") = "P5_Journey", "Conditional Statements Advanced - Exercise\P5_Journey\P5_Journey.csproj", "{E9BCB360-6B48-40AD-BC1F-0A799EC0E8D9}"
EndProject
Project("{2150E333-8FDC-42A3-9474-1A3956D46DE8}") = "For Loop - Lab", "For Loop - Lab", "{DF4E6503-F2DF-4A2C-BAFE-526229B46429}"
EndProject
Project("{9A19103F-16F7-4668-BE54-9A1E7A4F7556}") = "P01_NumbersFrom1to100", "For Loop - Lab\P01_NumbersFrom1to100\P01_NumbersFrom1to100.csproj", "{90FE7AD8-3F2B-44AE-A7AE-19BCE440EDFD}"
EndProject
Project("{9A19103F-16F7-4668-BE54-9A1E7A4F7556}") = "P02_NumbersNto1", "For Loop - Lab\P02_NumbersNto1\P02_NumbersNto1.csproj", "{0AE37C17-E96D-4352-87E5-CBC2EC4D0CA4}"
EndProject
Project("{9A19103F-16F7-4668-BE54-9A1E7A4F7556}") = "P03_Numbers1toNwithStep3", "For Loop - Lab\P03_Numbers1toNwithStep3\P03_Numbers1toNwithStep3.csproj", "{448A2DB4-FF82-46EF-B9D4-07F9C93F471F}"
EndProject
Project("{9A19103F-16F7-4668-BE54-9A1E7A4F7556}") = "P04_EvenPowersOf2", "For Loop - Lab\P04_EvenPowersOf2\P04_EvenPowersOf2.csproj", "{BE039BA5-EB5F-4CC1-9A15-E25B4DD7AC51}"
EndProject
Project("{9A19103F-16F7-4668-BE54-9A1E7A4F7556}") = "P05_Character Sequence", "For Loop - Lab\P05_Character Sequence\P05_Character Sequence.csproj", "{3277A1B7-CC7F-47C3-954F-AC10897D8F54}"
EndProject
Project("{9A19103F-16F7-4668-BE54-9A1E7A4F7556}") = "P06_ VowelsSum", "For Loop - Lab\P06_ VowelsSum\P06_ VowelsSum.csproj", "{52FEFA99-C396-427C-BC16-DCCC8BF84285}"
EndProject
Project("{9A19103F-16F7-4668-BE54-9A1E7A4F7556}") = "P07_SumNumbers", "For Loop - Lab\P07_SumNumbers\P07_SumNumbers.csproj", "{E728B3ED-29BA-40BB-AC6A-F166E6C0925D}"
EndProject
Project("{9A19103F-16F7-4668-BE54-9A1E7A4F7556}") = "P08_NumberSequence", "For Loop - Lab\P08_NumberSequence\P08_NumberSequence.csproj", "{A35F2F84-8DDE-47DB-BD54-A507C2E9058D}"
EndProject
Project("{9A19103F-16F7-4668-BE54-9A1E7A4F7556}") = "P09_LeftAndRightSum", "For Loop - Lab\P09_LeftAndRightSum\P09_LeftAndRightSum.csproj", "{64172BC7-9232-4E27-AC31-03C11BCDF782}"
EndProject
Project("{9A19103F-16F7-4668-BE54-9A1E7A4F7556}") = "P10_OddEvenSum", "For Loop - Lab\P10_OddEvenSum\P10_OddEvenSum.csproj", "{56419C2C-81CE-4E8E-BF94-B87C7F841C76}"
EndProject
Project("{9A19103F-16F7-4668-BE54-9A1E7A4F7556}") = "P7_HotelRoom", "Conditional Statements Advanced - Exercise\P7_HotelRoom\P7_HotelRoom.csproj", "{6B46C361-6ED8-4A65-9076-FF459392EEFC}"
EndProject
Project("{9A19103F-16F7-4668-BE54-9A1E7A4F7556}") = "P8_OnTimeForTheExam", "Conditional Statements Advanced - Exercise\P8_OnTimeForTheExam\P8_OnTimeForTheExam.csproj", "{F41781A5-CC12-4942-8EF6-B599AD184941}"
EndProject
Project("{9A19103F-16F7-4668-BE54-9A1E7A4F7556}") = "P9_SkiTrip", "Conditional Statements Advanced - Exercise\P9_SkiTrip\P9_SkiTrip.csproj", "{BD7351A4-2058-4668-BE78-E72C58637617}"
EndProject
Project("{2150E333-8FDC-42A3-9474-1A3956D46DE8}") = "While Loop - Lab", "While Loop - Lab", "{6587858A-D39B-4B19-8C41-875D48C6E3DF}"
EndProject
Project("{9A19103F-16F7-4668-BE54-9A1E7A4F7556}") = "P1_ReadText", "Whie Loop - Lab\P1_ReadText\P1_ReadText.csproj", "{3420FDFD-9EFE-4864-882D-F5AA3F0CDDF0}"
EndProject
Project("{9A19103F-16F7-4668-BE54-9A1E7A4F7556}") = "P2_Password", "Whie Loop - Lab\P2_Password\P2_Password.csproj", "{A9CB2B08-49A8-48B6-8FA8-BEFE71B629C1}"
EndProject
Project("{9A19103F-16F7-4668-BE54-9A1E7A4F7556}") = "P3_SumNumbers", "Whie Loop - Lab\P3_SumNumbers\P3_SumNumbers.csproj", "{5D21DA1B-102D-4AB2-B1D0-D08D7AF7AB5E}"
EndProject
Project("{9A19103F-16F7-4668-BE54-9A1E7A4F7556}") = "P4_Sequence2k+1", "Whie Loop - Lab\P4_Sequence2k+1\P4_Sequence2k+1.csproj", "{04150F56-F39E-450D-BEB9-04F7E891EDC4}"
EndProject
Project("{9A19103F-16F7-4668-BE54-9A1E7A4F7556}") = "P5_AccountBalance", "Whie Loop - Lab\P5_AccountBalance\P5_AccountBalance.csproj", "{02F53C0E-8B6C-47F6-A6F5-BB359C083E43}"
EndProject
Project("{9A19103F-16F7-4668-BE54-9A1E7A4F7556}") = "P8_Graduation", "Whie Loop - Lab\P8_Graduation\P8_Graduation.csproj", "{8D7EF5D1-708C-4CD9-82D6-570E881FC522}"
EndProject
Project("{9A19103F-16F7-4668-BE54-9A1E7A4F7556}") = "P6_MaxNumber", "Whie Loop - Lab\P6_MaxNumber\P6_MaxNumber.csproj", "{3BE8F9C8-3449-42F4-AED1-8059E685E9A4}"
EndProject
Project("{9A19103F-16F7-4668-BE54-9A1E7A4F7556}") = "P7_MinNumber", "Whie Loop - Lab\P7_MinNumber\P7_MinNumber.csproj", "{43810FDB-E485-428F-9D8E-59C2459BCF9A}"
EndProject
Project("{2150E333-8FDC-42A3-9474-1A3956D46DE8}") = "While Loop - Exercise", "While Loop - Exercise", "{910D32CB-8F2F-4E5A-A948-5683A06B4C94}"
EndProject
Project("{9A19103F-16F7-4668-BE54-9A1E7A4F7556}") = "P1_OldBooks", "While Loop - Exercise\P1_OldBooks\P1_OldBooks.csproj", "{074A3C4A-7001-4BB9-A42A-778ECC43CD42}"
EndProject
Project("{9A19103F-16F7-4668-BE54-9A1E7A4F7556}") = "P2_ExamPreparation", "While Loop - Exercise\P2_ExamPreparation\P2_ExamPreparation.csproj", "{D50C0DE5-B747-42F6-BE36-130904027811}"
EndProject
Project("{9A19103F-16F7-4668-BE54-9A1E7A4F7556}") = "P3_Vacation", "While Loop - Exercise\P3_Vacation\P3_Vacation.csproj", "{13D6AB7B-E478-4DCB-B63B-B69820A7DB99}"
EndProject
Project("{9A19103F-16F7-4668-BE54-9A1E7A4F7556}") = "P4_Walking", "While Loop - Exercise\P4_Walking\P4_Walking.csproj", "{C044319C-4A00-43A8-8B95-A3C85AD6114E}"
EndProject
Project("{9A19103F-16F7-4668-BE54-9A1E7A4F7556}") = "P5_Coins", "While Loop - Exercise\P5_Coins\P5_Coins.csproj", "{777D40E5-4992-412C-B3C3-6BA886E0442D}"
EndProject
Project("{9A19103F-16F7-4668-BE54-9A1E7A4F7556}") = "P6_Cake", "While Loop - Exercise\P6_Cake\P6_Cake.csproj", "{F8855C98-9FD1-4332-AC06-5CCE506B9B21}"
EndProject
Project("{9A19103F-16F7-4668-BE54-9A1E7A4F7556}") = "P7_Moving", "While Loop - Exercise\P7_Moving\P7_Moving.csproj", "{8FDBCFE0-FF11-4B1C-BEAA-8756217E8BD0}"
EndProject
Project("{2150E333-8FDC-42A3-9474-1A3956D46DE8}") = "Nested Loops - Lab", "Nested Loops - Lab", "{7D8C9766-D7F0-46D3-A919-2873913138A1}"
EndProject
Project("{FAE04EC0-301F-11D3-BF4B-00C04F79EFBC}") = "P1_Clock", "Nested Loops - Lab\P1_Clock\P1_Clock.csproj", "{D4580D79-941D-449F-8205-8C003B69092B}"
EndProject
Project("{FAE04EC0-301F-11D3-BF4B-00C04F79EFBC}") = "P2_MultiplicationTable", "Nested Loops - Lab\P2_MultiplicationTable\P2_MultiplicationTable.csproj", "{63FC327D-4E2D-4A32-885B-1594BFE006C4}"
EndProject
Project("{FAE04EC0-301F-11D3-BF4B-00C04F79EFBC}") = "P3_Combinations", "Nested Loops - Lab\P3_Combinations\P3_Combinations.csproj", "{F4EBD8A0-8CF1-4298-A4F4-47B700583628}"
EndProject
Project("{FAE04EC0-301F-11D3-BF4B-00C04F79EFBC}") = "P4_SumOfTwoNumbers", "P4_SumOfTwoNumbers\P4_SumOfTwoNumbers.csproj", "{5DEC62B0-D245-4258-BC02-4043933EFE02}"
EndProject
Project("{FAE04EC0-301F-11D3-BF4B-00C04F79EFBC}") = "P5_Travelling", "Nested Loops - Lab\P5_Travelling\P5_Travelling.csproj", "{8E905644-50AA-45EA-A93C-06A39382B31A}"
EndProject
Project("{FAE04EC0-301F-11D3-BF4B-00C04F79EFBC}") = "P6_Building", "Nested Loops - Lab\P6_Building\P6_Building.csproj", "{1AC2E0D0-041A-42CB-B59E-93BCF6D463B4}"
EndProject
Global
	GlobalSection(SolutionConfigurationPlatforms) = preSolution
		Debug|Any CPU = Debug|Any CPU
		Release|Any CPU = Release|Any CPU
	EndGlobalSection
	GlobalSection(ProjectConfigurationPlatforms) = postSolution
		{4923EB1B-0F84-4820-B000-CB80EB6B75DE}.Debug|Any CPU.ActiveCfg = Debug|Any CPU
		{4923EB1B-0F84-4820-B000-CB80EB6B75DE}.Debug|Any CPU.Build.0 = Debug|Any CPU
		{4923EB1B-0F84-4820-B000-CB80EB6B75DE}.Release|Any CPU.ActiveCfg = Release|Any CPU
		{4923EB1B-0F84-4820-B000-CB80EB6B75DE}.Release|Any CPU.Build.0 = Release|Any CPU
		{550C26BE-26F7-4506-ACFF-928EDAF53C31}.Debug|Any CPU.ActiveCfg = Debug|Any CPU
		{550C26BE-26F7-4506-ACFF-928EDAF53C31}.Debug|Any CPU.Build.0 = Debug|Any CPU
		{550C26BE-26F7-4506-ACFF-928EDAF53C31}.Release|Any CPU.ActiveCfg = Release|Any CPU
		{550C26BE-26F7-4506-ACFF-928EDAF53C31}.Release|Any CPU.Build.0 = Release|Any CPU
		{2861D09C-147F-484F-83E2-AAACE631B5EA}.Debug|Any CPU.ActiveCfg = Debug|Any CPU
		{2861D09C-147F-484F-83E2-AAACE631B5EA}.Debug|Any CPU.Build.0 = Debug|Any CPU
		{2861D09C-147F-484F-83E2-AAACE631B5EA}.Release|Any CPU.ActiveCfg = Release|Any CPU
		{2861D09C-147F-484F-83E2-AAACE631B5EA}.Release|Any CPU.Build.0 = Release|Any CPU
		{4CDA6F72-BD9D-45DB-9123-267F20409048}.Debug|Any CPU.ActiveCfg = Debug|Any CPU
		{4CDA6F72-BD9D-45DB-9123-267F20409048}.Debug|Any CPU.Build.0 = Debug|Any CPU
		{4CDA6F72-BD9D-45DB-9123-267F20409048}.Release|Any CPU.ActiveCfg = Release|Any CPU
		{4CDA6F72-BD9D-45DB-9123-267F20409048}.Release|Any CPU.Build.0 = Release|Any CPU
		{6EB89537-325B-43FC-B18E-FFF23FFD46B7}.Debug|Any CPU.ActiveCfg = Debug|Any CPU
		{6EB89537-325B-43FC-B18E-FFF23FFD46B7}.Debug|Any CPU.Build.0 = Debug|Any CPU
		{6EB89537-325B-43FC-B18E-FFF23FFD46B7}.Release|Any CPU.ActiveCfg = Release|Any CPU
		{6EB89537-325B-43FC-B18E-FFF23FFD46B7}.Release|Any CPU.Build.0 = Release|Any CPU
		{EB760D41-7781-4438-A849-0037745A001D}.Debug|Any CPU.ActiveCfg = Debug|Any CPU
		{EB760D41-7781-4438-A849-0037745A001D}.Debug|Any CPU.Build.0 = Debug|Any CPU
		{EB760D41-7781-4438-A849-0037745A001D}.Release|Any CPU.ActiveCfg = Release|Any CPU
		{EB760D41-7781-4438-A849-0037745A001D}.Release|Any CPU.Build.0 = Release|Any CPU
		{3DD9739E-4B37-4BC1-8365-75410242E440}.Debug|Any CPU.ActiveCfg = Debug|Any CPU
		{3DD9739E-4B37-4BC1-8365-75410242E440}.Debug|Any CPU.Build.0 = Debug|Any CPU
		{3DD9739E-4B37-4BC1-8365-75410242E440}.Release|Any CPU.ActiveCfg = Release|Any CPU
		{3DD9739E-4B37-4BC1-8365-75410242E440}.Release|Any CPU.Build.0 = Release|Any CPU
		{5938097E-A132-403A-80CF-586298FC5527}.Debug|Any CPU.ActiveCfg = Debug|Any CPU
		{5938097E-A132-403A-80CF-586298FC5527}.Debug|Any CPU.Build.0 = Debug|Any CPU
		{5938097E-A132-403A-80CF-586298FC5527}.Release|Any CPU.ActiveCfg = Release|Any CPU
		{5938097E-A132-403A-80CF-586298FC5527}.Release|Any CPU.Build.0 = Release|Any CPU
		{DEFABD84-6623-4383-8EE5-27464C8C555D}.Debug|Any CPU.ActiveCfg = Debug|Any CPU
		{DEFABD84-6623-4383-8EE5-27464C8C555D}.Debug|Any CPU.Build.0 = Debug|Any CPU
		{DEFABD84-6623-4383-8EE5-27464C8C555D}.Release|Any CPU.ActiveCfg = Release|Any CPU
		{DEFABD84-6623-4383-8EE5-27464C8C555D}.Release|Any CPU.Build.0 = Release|Any CPU
		{F97D7C06-E57B-4458-ABB9-1C6F465F65A8}.Debug|Any CPU.ActiveCfg = Debug|Any CPU
		{F97D7C06-E57B-4458-ABB9-1C6F465F65A8}.Debug|Any CPU.Build.0 = Debug|Any CPU
		{F97D7C06-E57B-4458-ABB9-1C6F465F65A8}.Release|Any CPU.ActiveCfg = Release|Any CPU
		{F97D7C06-E57B-4458-ABB9-1C6F465F65A8}.Release|Any CPU.Build.0 = Release|Any CPU
		{23A7CDB9-5D2A-4F06-93DD-116C14BB1395}.Debug|Any CPU.ActiveCfg = Debug|Any CPU
		{23A7CDB9-5D2A-4F06-93DD-116C14BB1395}.Debug|Any CPU.Build.0 = Debug|Any CPU
		{23A7CDB9-5D2A-4F06-93DD-116C14BB1395}.Release|Any CPU.ActiveCfg = Release|Any CPU
		{23A7CDB9-5D2A-4F06-93DD-116C14BB1395}.Release|Any CPU.Build.0 = Release|Any CPU
		{64D938E1-C831-404E-9065-04E611625B91}.Debug|Any CPU.ActiveCfg = Debug|Any CPU
		{64D938E1-C831-404E-9065-04E611625B91}.Debug|Any CPU.Build.0 = Debug|Any CPU
		{64D938E1-C831-404E-9065-04E611625B91}.Release|Any CPU.ActiveCfg = Release|Any CPU
		{64D938E1-C831-404E-9065-04E611625B91}.Release|Any CPU.Build.0 = Release|Any CPU
		{EC6BAF51-F8A7-4587-B888-4D01AE3B4438}.Debug|Any CPU.ActiveCfg = Debug|Any CPU
		{EC6BAF51-F8A7-4587-B888-4D01AE3B4438}.Debug|Any CPU.Build.0 = Debug|Any CPU
		{EC6BAF51-F8A7-4587-B888-4D01AE3B4438}.Release|Any CPU.ActiveCfg = Release|Any CPU
		{EC6BAF51-F8A7-4587-B888-4D01AE3B4438}.Release|Any CPU.Build.0 = Release|Any CPU
		{FAAF21DF-79E3-47EC-BF25-5F7B6E15D81E}.Debug|Any CPU.ActiveCfg = Debug|Any CPU
		{FAAF21DF-79E3-47EC-BF25-5F7B6E15D81E}.Debug|Any CPU.Build.0 = Debug|Any CPU
		{FAAF21DF-79E3-47EC-BF25-5F7B6E15D81E}.Release|Any CPU.ActiveCfg = Release|Any CPU
		{FAAF21DF-79E3-47EC-BF25-5F7B6E15D81E}.Release|Any CPU.Build.0 = Release|Any CPU
		{F188F353-C78C-4E85-B126-11DF24FEEC11}.Debug|Any CPU.ActiveCfg = Debug|Any CPU
		{F188F353-C78C-4E85-B126-11DF24FEEC11}.Debug|Any CPU.Build.0 = Debug|Any CPU
		{F188F353-C78C-4E85-B126-11DF24FEEC11}.Release|Any CPU.ActiveCfg = Release|Any CPU
		{F188F353-C78C-4E85-B126-11DF24FEEC11}.Release|Any CPU.Build.0 = Release|Any CPU
		{D5CD39D6-799F-4A0F-A523-B2BE1CBB652B}.Debug|Any CPU.ActiveCfg = Debug|Any CPU
		{D5CD39D6-799F-4A0F-A523-B2BE1CBB652B}.Debug|Any CPU.Build.0 = Debug|Any CPU
		{D5CD39D6-799F-4A0F-A523-B2BE1CBB652B}.Release|Any CPU.ActiveCfg = Release|Any CPU
		{D5CD39D6-799F-4A0F-A523-B2BE1CBB652B}.Release|Any CPU.Build.0 = Release|Any CPU
		{C6C3A525-DF80-4A68-8079-1B1EC8880916}.Debug|Any CPU.ActiveCfg = Debug|Any CPU
		{C6C3A525-DF80-4A68-8079-1B1EC8880916}.Debug|Any CPU.Build.0 = Debug|Any CPU
		{C6C3A525-DF80-4A68-8079-1B1EC8880916}.Release|Any CPU.ActiveCfg = Release|Any CPU
		{C6C3A525-DF80-4A68-8079-1B1EC8880916}.Release|Any CPU.Build.0 = Release|Any CPU
		{689A8A5B-8458-4CD4-AA1C-23538EE454F1}.Debug|Any CPU.ActiveCfg = Debug|Any CPU
		{689A8A5B-8458-4CD4-AA1C-23538EE454F1}.Debug|Any CPU.Build.0 = Debug|Any CPU
		{689A8A5B-8458-4CD4-AA1C-23538EE454F1}.Release|Any CPU.ActiveCfg = Release|Any CPU
		{689A8A5B-8458-4CD4-AA1C-23538EE454F1}.Release|Any CPU.Build.0 = Release|Any CPU
		{0A2559AC-24D3-4C78-9FB8-8DC344152BEA}.Debug|Any CPU.ActiveCfg = Debug|Any CPU
		{0A2559AC-24D3-4C78-9FB8-8DC344152BEA}.Debug|Any CPU.Build.0 = Debug|Any CPU
		{0A2559AC-24D3-4C78-9FB8-8DC344152BEA}.Release|Any CPU.ActiveCfg = Release|Any CPU
		{0A2559AC-24D3-4C78-9FB8-8DC344152BEA}.Release|Any CPU.Build.0 = Release|Any CPU
		{2D1A94F2-963C-4EC5-8819-D6762DCE3C89}.Debug|Any CPU.ActiveCfg = Debug|Any CPU
		{2D1A94F2-963C-4EC5-8819-D6762DCE3C89}.Debug|Any CPU.Build.0 = Debug|Any CPU
		{2D1A94F2-963C-4EC5-8819-D6762DCE3C89}.Release|Any CPU.ActiveCfg = Release|Any CPU
		{2D1A94F2-963C-4EC5-8819-D6762DCE3C89}.Release|Any CPU.Build.0 = Release|Any CPU
		{A7A32949-A239-4371-9AE5-CF27ABD69DCD}.Debug|Any CPU.ActiveCfg = Debug|Any CPU
		{A7A32949-A239-4371-9AE5-CF27ABD69DCD}.Debug|Any CPU.Build.0 = Debug|Any CPU
		{A7A32949-A239-4371-9AE5-CF27ABD69DCD}.Release|Any CPU.ActiveCfg = Release|Any CPU
		{A7A32949-A239-4371-9AE5-CF27ABD69DCD}.Release|Any CPU.Build.0 = Release|Any CPU
		{380AF2D0-AB5C-4A16-BE81-4356BE502847}.Debug|Any CPU.ActiveCfg = Debug|Any CPU
		{380AF2D0-AB5C-4A16-BE81-4356BE502847}.Debug|Any CPU.Build.0 = Debug|Any CPU
		{380AF2D0-AB5C-4A16-BE81-4356BE502847}.Release|Any CPU.ActiveCfg = Release|Any CPU
		{380AF2D0-AB5C-4A16-BE81-4356BE502847}.Release|Any CPU.Build.0 = Release|Any CPU
		{8EC18E74-EDE4-44EA-858A-6BE77DE285DC}.Debug|Any CPU.ActiveCfg = Debug|Any CPU
		{8EC18E74-EDE4-44EA-858A-6BE77DE285DC}.Debug|Any CPU.Build.0 = Debug|Any CPU
		{8EC18E74-EDE4-44EA-858A-6BE77DE285DC}.Release|Any CPU.ActiveCfg = Release|Any CPU
		{8EC18E74-EDE4-44EA-858A-6BE77DE285DC}.Release|Any CPU.Build.0 = Release|Any CPU
		{E89614C9-7F40-4D2F-A3C3-DAE1FA5E0C7B}.Debug|Any CPU.ActiveCfg = Debug|Any CPU
		{E89614C9-7F40-4D2F-A3C3-DAE1FA5E0C7B}.Debug|Any CPU.Build.0 = Debug|Any CPU
		{E89614C9-7F40-4D2F-A3C3-DAE1FA5E0C7B}.Release|Any CPU.ActiveCfg = Release|Any CPU
		{E89614C9-7F40-4D2F-A3C3-DAE1FA5E0C7B}.Release|Any CPU.Build.0 = Release|Any CPU
		{AE62FF91-E74F-4912-A12F-7D67D48308F3}.Debug|Any CPU.ActiveCfg = Debug|Any CPU
		{AE62FF91-E74F-4912-A12F-7D67D48308F3}.Debug|Any CPU.Build.0 = Debug|Any CPU
		{AE62FF91-E74F-4912-A12F-7D67D48308F3}.Release|Any CPU.ActiveCfg = Release|Any CPU
		{AE62FF91-E74F-4912-A12F-7D67D48308F3}.Release|Any CPU.Build.0 = Release|Any CPU
		{7B82D99B-D804-44D9-8850-F31A0125C1D1}.Debug|Any CPU.ActiveCfg = Debug|Any CPU
		{7B82D99B-D804-44D9-8850-F31A0125C1D1}.Debug|Any CPU.Build.0 = Debug|Any CPU
		{7B82D99B-D804-44D9-8850-F31A0125C1D1}.Release|Any CPU.ActiveCfg = Release|Any CPU
		{7B82D99B-D804-44D9-8850-F31A0125C1D1}.Release|Any CPU.Build.0 = Release|Any CPU
		{087797AB-3912-4991-9743-0252573C834F}.Debug|Any CPU.ActiveCfg = Debug|Any CPU
		{087797AB-3912-4991-9743-0252573C834F}.Debug|Any CPU.Build.0 = Debug|Any CPU
		{087797AB-3912-4991-9743-0252573C834F}.Release|Any CPU.ActiveCfg = Release|Any CPU
		{087797AB-3912-4991-9743-0252573C834F}.Release|Any CPU.Build.0 = Release|Any CPU
		{AA8F2F7C-C703-448B-87A2-53E90E36D17C}.Debug|Any CPU.ActiveCfg = Debug|Any CPU
		{AA8F2F7C-C703-448B-87A2-53E90E36D17C}.Debug|Any CPU.Build.0 = Debug|Any CPU
		{AA8F2F7C-C703-448B-87A2-53E90E36D17C}.Release|Any CPU.ActiveCfg = Release|Any CPU
		{AA8F2F7C-C703-448B-87A2-53E90E36D17C}.Release|Any CPU.Build.0 = Release|Any CPU
		{0680C18F-6EB0-4426-ACF8-38F4C73D398C}.Debug|Any CPU.ActiveCfg = Debug|Any CPU
		{0680C18F-6EB0-4426-ACF8-38F4C73D398C}.Debug|Any CPU.Build.0 = Debug|Any CPU
		{0680C18F-6EB0-4426-ACF8-38F4C73D398C}.Release|Any CPU.ActiveCfg = Release|Any CPU
		{0680C18F-6EB0-4426-ACF8-38F4C73D398C}.Release|Any CPU.Build.0 = Release|Any CPU
		{3AA3A42F-9774-42D6-AC9D-BD276CE84F09}.Debug|Any CPU.ActiveCfg = Debug|Any CPU
		{3AA3A42F-9774-42D6-AC9D-BD276CE84F09}.Debug|Any CPU.Build.0 = Debug|Any CPU
		{3AA3A42F-9774-42D6-AC9D-BD276CE84F09}.Release|Any CPU.ActiveCfg = Release|Any CPU
		{3AA3A42F-9774-42D6-AC9D-BD276CE84F09}.Release|Any CPU.Build.0 = Release|Any CPU
		{FB91F3C2-DD49-4B35-B10B-ED3709025AEA}.Debug|Any CPU.ActiveCfg = Debug|Any CPU
		{FB91F3C2-DD49-4B35-B10B-ED3709025AEA}.Debug|Any CPU.Build.0 = Debug|Any CPU
		{FB91F3C2-DD49-4B35-B10B-ED3709025AEA}.Release|Any CPU.ActiveCfg = Release|Any CPU
		{FB91F3C2-DD49-4B35-B10B-ED3709025AEA}.Release|Any CPU.Build.0 = Release|Any CPU
		{5070A32B-E809-4BE8-9BAF-D0627C155A9E}.Debug|Any CPU.ActiveCfg = Debug|Any CPU
		{5070A32B-E809-4BE8-9BAF-D0627C155A9E}.Debug|Any CPU.Build.0 = Debug|Any CPU
		{5070A32B-E809-4BE8-9BAF-D0627C155A9E}.Release|Any CPU.ActiveCfg = Release|Any CPU
		{5070A32B-E809-4BE8-9BAF-D0627C155A9E}.Release|Any CPU.Build.0 = Release|Any CPU
		{3F4A6E85-128C-4669-BB16-CEC5A1C71B1B}.Debug|Any CPU.ActiveCfg = Debug|Any CPU
		{3F4A6E85-128C-4669-BB16-CEC5A1C71B1B}.Debug|Any CPU.Build.0 = Debug|Any CPU
		{3F4A6E85-128C-4669-BB16-CEC5A1C71B1B}.Release|Any CPU.ActiveCfg = Release|Any CPU
		{3F4A6E85-128C-4669-BB16-CEC5A1C71B1B}.Release|Any CPU.Build.0 = Release|Any CPU
		{A79ACE1C-7783-462B-B621-07FCA47C62E3}.Debug|Any CPU.ActiveCfg = Debug|Any CPU
		{A79ACE1C-7783-462B-B621-07FCA47C62E3}.Debug|Any CPU.Build.0 = Debug|Any CPU
		{A79ACE1C-7783-462B-B621-07FCA47C62E3}.Release|Any CPU.ActiveCfg = Release|Any CPU
		{A79ACE1C-7783-462B-B621-07FCA47C62E3}.Release|Any CPU.Build.0 = Release|Any CPU
		{9783B8E0-2958-4A61-96FB-01068BB7B65A}.Debug|Any CPU.ActiveCfg = Debug|Any CPU
		{9783B8E0-2958-4A61-96FB-01068BB7B65A}.Debug|Any CPU.Build.0 = Debug|Any CPU
		{9783B8E0-2958-4A61-96FB-01068BB7B65A}.Release|Any CPU.ActiveCfg = Release|Any CPU
		{9783B8E0-2958-4A61-96FB-01068BB7B65A}.Release|Any CPU.Build.0 = Release|Any CPU
		{1850E1BA-19A0-4768-A46D-2F06115A1CD2}.Debug|Any CPU.ActiveCfg = Debug|Any CPU
		{1850E1BA-19A0-4768-A46D-2F06115A1CD2}.Debug|Any CPU.Build.0 = Debug|Any CPU
		{1850E1BA-19A0-4768-A46D-2F06115A1CD2}.Release|Any CPU.ActiveCfg = Release|Any CPU
		{1850E1BA-19A0-4768-A46D-2F06115A1CD2}.Release|Any CPU.Build.0 = Release|Any CPU
		{AFE24BA2-E293-4C4D-B5E6-B34B0C20CEAA}.Debug|Any CPU.ActiveCfg = Debug|Any CPU
		{AFE24BA2-E293-4C4D-B5E6-B34B0C20CEAA}.Debug|Any CPU.Build.0 = Debug|Any CPU
		{AFE24BA2-E293-4C4D-B5E6-B34B0C20CEAA}.Release|Any CPU.ActiveCfg = Release|Any CPU
		{AFE24BA2-E293-4C4D-B5E6-B34B0C20CEAA}.Release|Any CPU.Build.0 = Release|Any CPU
		{EE2EF2B4-13DB-4E38-934A-19607C0D7911}.Debug|Any CPU.ActiveCfg = Debug|Any CPU
		{EE2EF2B4-13DB-4E38-934A-19607C0D7911}.Debug|Any CPU.Build.0 = Debug|Any CPU
		{EE2EF2B4-13DB-4E38-934A-19607C0D7911}.Release|Any CPU.ActiveCfg = Release|Any CPU
		{EE2EF2B4-13DB-4E38-934A-19607C0D7911}.Release|Any CPU.Build.0 = Release|Any CPU
		{E9B3D3A2-6AD8-4C49-81D9-CEB519DD4856}.Debug|Any CPU.ActiveCfg = Debug|Any CPU
		{E9B3D3A2-6AD8-4C49-81D9-CEB519DD4856}.Debug|Any CPU.Build.0 = Debug|Any CPU
		{E9B3D3A2-6AD8-4C49-81D9-CEB519DD4856}.Release|Any CPU.ActiveCfg = Release|Any CPU
		{E9B3D3A2-6AD8-4C49-81D9-CEB519DD4856}.Release|Any CPU.Build.0 = Release|Any CPU
		{05E9E770-4688-4D14-904D-948A3D0C2A23}.Debug|Any CPU.ActiveCfg = Debug|Any CPU
		{05E9E770-4688-4D14-904D-948A3D0C2A23}.Debug|Any CPU.Build.0 = Debug|Any CPU
		{05E9E770-4688-4D14-904D-948A3D0C2A23}.Release|Any CPU.ActiveCfg = Release|Any CPU
		{05E9E770-4688-4D14-904D-948A3D0C2A23}.Release|Any CPU.Build.0 = Release|Any CPU
		{851D3721-91EB-46CC-9897-7CF812A44D2C}.Debug|Any CPU.ActiveCfg = Debug|Any CPU
		{851D3721-91EB-46CC-9897-7CF812A44D2C}.Debug|Any CPU.Build.0 = Debug|Any CPU
		{851D3721-91EB-46CC-9897-7CF812A44D2C}.Release|Any CPU.ActiveCfg = Release|Any CPU
		{851D3721-91EB-46CC-9897-7CF812A44D2C}.Release|Any CPU.Build.0 = Release|Any CPU
		{80B18653-0AC9-4082-B853-D120BB58B12D}.Debug|Any CPU.ActiveCfg = Debug|Any CPU
		{80B18653-0AC9-4082-B853-D120BB58B12D}.Debug|Any CPU.Build.0 = Debug|Any CPU
		{80B18653-0AC9-4082-B853-D120BB58B12D}.Release|Any CPU.ActiveCfg = Release|Any CPU
		{80B18653-0AC9-4082-B853-D120BB58B12D}.Release|Any CPU.Build.0 = Release|Any CPU
		{18ABD97A-37A1-4ECD-91E1-5F30E5A70776}.Debug|Any CPU.ActiveCfg = Debug|Any CPU
		{18ABD97A-37A1-4ECD-91E1-5F30E5A70776}.Debug|Any CPU.Build.0 = Debug|Any CPU
		{18ABD97A-37A1-4ECD-91E1-5F30E5A70776}.Release|Any CPU.ActiveCfg = Release|Any CPU
		{18ABD97A-37A1-4ECD-91E1-5F30E5A70776}.Release|Any CPU.Build.0 = Release|Any CPU
		{8236D892-F1A7-4892-9638-19D29EC17D14}.Debug|Any CPU.ActiveCfg = Debug|Any CPU
		{8236D892-F1A7-4892-9638-19D29EC17D14}.Debug|Any CPU.Build.0 = Debug|Any CPU
		{8236D892-F1A7-4892-9638-19D29EC17D14}.Release|Any CPU.ActiveCfg = Release|Any CPU
		{8236D892-F1A7-4892-9638-19D29EC17D14}.Release|Any CPU.Build.0 = Release|Any CPU
		{B6A52B58-7833-49D6-81EC-A7BC6275C853}.Debug|Any CPU.ActiveCfg = Debug|Any CPU
		{B6A52B58-7833-49D6-81EC-A7BC6275C853}.Debug|Any CPU.Build.0 = Debug|Any CPU
		{B6A52B58-7833-49D6-81EC-A7BC6275C853}.Release|Any CPU.ActiveCfg = Release|Any CPU
		{B6A52B58-7833-49D6-81EC-A7BC6275C853}.Release|Any CPU.Build.0 = Release|Any CPU
		{BF256E2E-4131-4BDC-A7EE-183B961DEA8A}.Debug|Any CPU.ActiveCfg = Debug|Any CPU
		{BF256E2E-4131-4BDC-A7EE-183B961DEA8A}.Debug|Any CPU.Build.0 = Debug|Any CPU
		{BF256E2E-4131-4BDC-A7EE-183B961DEA8A}.Release|Any CPU.ActiveCfg = Release|Any CPU
		{BF256E2E-4131-4BDC-A7EE-183B961DEA8A}.Release|Any CPU.Build.0 = Release|Any CPU
		{40E19998-A362-4C41-A67D-4EA049B6E318}.Debug|Any CPU.ActiveCfg = Debug|Any CPU
		{40E19998-A362-4C41-A67D-4EA049B6E318}.Debug|Any CPU.Build.0 = Debug|Any CPU
		{40E19998-A362-4C41-A67D-4EA049B6E318}.Release|Any CPU.ActiveCfg = Release|Any CPU
		{40E19998-A362-4C41-A67D-4EA049B6E318}.Release|Any CPU.Build.0 = Release|Any CPU
		{AC142D1B-2900-4A1C-B930-B18C46FDDDD9}.Debug|Any CPU.ActiveCfg = Debug|Any CPU
		{AC142D1B-2900-4A1C-B930-B18C46FDDDD9}.Debug|Any CPU.Build.0 = Debug|Any CPU
		{AC142D1B-2900-4A1C-B930-B18C46FDDDD9}.Release|Any CPU.ActiveCfg = Release|Any CPU
		{AC142D1B-2900-4A1C-B930-B18C46FDDDD9}.Release|Any CPU.Build.0 = Release|Any CPU
		{702447FA-EF1C-4842-8E12-F03EB29C5D33}.Debug|Any CPU.ActiveCfg = Debug|Any CPU
		{702447FA-EF1C-4842-8E12-F03EB29C5D33}.Debug|Any CPU.Build.0 = Debug|Any CPU
		{702447FA-EF1C-4842-8E12-F03EB29C5D33}.Release|Any CPU.ActiveCfg = Release|Any CPU
		{702447FA-EF1C-4842-8E12-F03EB29C5D33}.Release|Any CPU.Build.0 = Release|Any CPU
		{97903EBC-6F24-41C5-98D3-E0D67FCEA97E}.Debug|Any CPU.ActiveCfg = Debug|Any CPU
		{97903EBC-6F24-41C5-98D3-E0D67FCEA97E}.Debug|Any CPU.Build.0 = Debug|Any CPU
		{97903EBC-6F24-41C5-98D3-E0D67FCEA97E}.Release|Any CPU.ActiveCfg = Release|Any CPU
		{97903EBC-6F24-41C5-98D3-E0D67FCEA97E}.Release|Any CPU.Build.0 = Release|Any CPU
		{E9BCB360-6B48-40AD-BC1F-0A799EC0E8D9}.Debug|Any CPU.ActiveCfg = Debug|Any CPU
		{E9BCB360-6B48-40AD-BC1F-0A799EC0E8D9}.Debug|Any CPU.Build.0 = Debug|Any CPU
		{E9BCB360-6B48-40AD-BC1F-0A799EC0E8D9}.Release|Any CPU.ActiveCfg = Release|Any CPU
		{E9BCB360-6B48-40AD-BC1F-0A799EC0E8D9}.Release|Any CPU.Build.0 = Release|Any CPU
		{90FE7AD8-3F2B-44AE-A7AE-19BCE440EDFD}.Debug|Any CPU.ActiveCfg = Debug|Any CPU
		{90FE7AD8-3F2B-44AE-A7AE-19BCE440EDFD}.Debug|Any CPU.Build.0 = Debug|Any CPU
		{90FE7AD8-3F2B-44AE-A7AE-19BCE440EDFD}.Release|Any CPU.ActiveCfg = Release|Any CPU
		{90FE7AD8-3F2B-44AE-A7AE-19BCE440EDFD}.Release|Any CPU.Build.0 = Release|Any CPU
		{0AE37C17-E96D-4352-87E5-CBC2EC4D0CA4}.Debug|Any CPU.ActiveCfg = Debug|Any CPU
		{0AE37C17-E96D-4352-87E5-CBC2EC4D0CA4}.Debug|Any CPU.Build.0 = Debug|Any CPU
		{0AE37C17-E96D-4352-87E5-CBC2EC4D0CA4}.Release|Any CPU.ActiveCfg = Release|Any CPU
		{0AE37C17-E96D-4352-87E5-CBC2EC4D0CA4}.Release|Any CPU.Build.0 = Release|Any CPU
		{448A2DB4-FF82-46EF-B9D4-07F9C93F471F}.Debug|Any CPU.ActiveCfg = Debug|Any CPU
		{448A2DB4-FF82-46EF-B9D4-07F9C93F471F}.Debug|Any CPU.Build.0 = Debug|Any CPU
		{448A2DB4-FF82-46EF-B9D4-07F9C93F471F}.Release|Any CPU.ActiveCfg = Release|Any CPU
		{448A2DB4-FF82-46EF-B9D4-07F9C93F471F}.Release|Any CPU.Build.0 = Release|Any CPU
		{BE039BA5-EB5F-4CC1-9A15-E25B4DD7AC51}.Debug|Any CPU.ActiveCfg = Debug|Any CPU
		{BE039BA5-EB5F-4CC1-9A15-E25B4DD7AC51}.Debug|Any CPU.Build.0 = Debug|Any CPU
		{BE039BA5-EB5F-4CC1-9A15-E25B4DD7AC51}.Release|Any CPU.ActiveCfg = Release|Any CPU
		{BE039BA5-EB5F-4CC1-9A15-E25B4DD7AC51}.Release|Any CPU.Build.0 = Release|Any CPU
		{3277A1B7-CC7F-47C3-954F-AC10897D8F54}.Debug|Any CPU.ActiveCfg = Debug|Any CPU
		{3277A1B7-CC7F-47C3-954F-AC10897D8F54}.Debug|Any CPU.Build.0 = Debug|Any CPU
		{3277A1B7-CC7F-47C3-954F-AC10897D8F54}.Release|Any CPU.ActiveCfg = Release|Any CPU
		{3277A1B7-CC7F-47C3-954F-AC10897D8F54}.Release|Any CPU.Build.0 = Release|Any CPU
		{52FEFA99-C396-427C-BC16-DCCC8BF84285}.Debug|Any CPU.ActiveCfg = Debug|Any CPU
		{52FEFA99-C396-427C-BC16-DCCC8BF84285}.Debug|Any CPU.Build.0 = Debug|Any CPU
		{52FEFA99-C396-427C-BC16-DCCC8BF84285}.Release|Any CPU.ActiveCfg = Release|Any CPU
		{52FEFA99-C396-427C-BC16-DCCC8BF84285}.Release|Any CPU.Build.0 = Release|Any CPU
		{E728B3ED-29BA-40BB-AC6A-F166E6C0925D}.Debug|Any CPU.ActiveCfg = Debug|Any CPU
		{E728B3ED-29BA-40BB-AC6A-F166E6C0925D}.Debug|Any CPU.Build.0 = Debug|Any CPU
		{E728B3ED-29BA-40BB-AC6A-F166E6C0925D}.Release|Any CPU.ActiveCfg = Release|Any CPU
		{E728B3ED-29BA-40BB-AC6A-F166E6C0925D}.Release|Any CPU.Build.0 = Release|Any CPU
		{A35F2F84-8DDE-47DB-BD54-A507C2E9058D}.Debug|Any CPU.ActiveCfg = Debug|Any CPU
		{A35F2F84-8DDE-47DB-BD54-A507C2E9058D}.Debug|Any CPU.Build.0 = Debug|Any CPU
		{A35F2F84-8DDE-47DB-BD54-A507C2E9058D}.Release|Any CPU.ActiveCfg = Release|Any CPU
		{A35F2F84-8DDE-47DB-BD54-A507C2E9058D}.Release|Any CPU.Build.0 = Release|Any CPU
		{64172BC7-9232-4E27-AC31-03C11BCDF782}.Debug|Any CPU.ActiveCfg = Debug|Any CPU
		{64172BC7-9232-4E27-AC31-03C11BCDF782}.Debug|Any CPU.Build.0 = Debug|Any CPU
		{64172BC7-9232-4E27-AC31-03C11BCDF782}.Release|Any CPU.ActiveCfg = Release|Any CPU
		{64172BC7-9232-4E27-AC31-03C11BCDF782}.Release|Any CPU.Build.0 = Release|Any CPU
		{56419C2C-81CE-4E8E-BF94-B87C7F841C76}.Debug|Any CPU.ActiveCfg = Debug|Any CPU
		{56419C2C-81CE-4E8E-BF94-B87C7F841C76}.Debug|Any CPU.Build.0 = Debug|Any CPU
		{56419C2C-81CE-4E8E-BF94-B87C7F841C76}.Release|Any CPU.ActiveCfg = Release|Any CPU
		{56419C2C-81CE-4E8E-BF94-B87C7F841C76}.Release|Any CPU.Build.0 = Release|Any CPU
		{6B46C361-6ED8-4A65-9076-FF459392EEFC}.Debug|Any CPU.ActiveCfg = Debug|Any CPU
		{6B46C361-6ED8-4A65-9076-FF459392EEFC}.Debug|Any CPU.Build.0 = Debug|Any CPU
		{6B46C361-6ED8-4A65-9076-FF459392EEFC}.Release|Any CPU.ActiveCfg = Release|Any CPU
		{6B46C361-6ED8-4A65-9076-FF459392EEFC}.Release|Any CPU.Build.0 = Release|Any CPU
		{F41781A5-CC12-4942-8EF6-B599AD184941}.Debug|Any CPU.ActiveCfg = Debug|Any CPU
		{F41781A5-CC12-4942-8EF6-B599AD184941}.Debug|Any CPU.Build.0 = Debug|Any CPU
		{F41781A5-CC12-4942-8EF6-B599AD184941}.Release|Any CPU.ActiveCfg = Release|Any CPU
		{F41781A5-CC12-4942-8EF6-B599AD184941}.Release|Any CPU.Build.0 = Release|Any CPU
		{BD7351A4-2058-4668-BE78-E72C58637617}.Debug|Any CPU.ActiveCfg = Debug|Any CPU
		{BD7351A4-2058-4668-BE78-E72C58637617}.Debug|Any CPU.Build.0 = Debug|Any CPU
		{BD7351A4-2058-4668-BE78-E72C58637617}.Release|Any CPU.ActiveCfg = Release|Any CPU
		{BD7351A4-2058-4668-BE78-E72C58637617}.Release|Any CPU.Build.0 = Release|Any CPU
		{3420FDFD-9EFE-4864-882D-F5AA3F0CDDF0}.Debug|Any CPU.ActiveCfg = Debug|Any CPU
		{3420FDFD-9EFE-4864-882D-F5AA3F0CDDF0}.Debug|Any CPU.Build.0 = Debug|Any CPU
		{3420FDFD-9EFE-4864-882D-F5AA3F0CDDF0}.Release|Any CPU.ActiveCfg = Release|Any CPU
		{3420FDFD-9EFE-4864-882D-F5AA3F0CDDF0}.Release|Any CPU.Build.0 = Release|Any CPU
		{A9CB2B08-49A8-48B6-8FA8-BEFE71B629C1}.Debug|Any CPU.ActiveCfg = Debug|Any CPU
		{A9CB2B08-49A8-48B6-8FA8-BEFE71B629C1}.Debug|Any CPU.Build.0 = Debug|Any CPU
		{A9CB2B08-49A8-48B6-8FA8-BEFE71B629C1}.Release|Any CPU.ActiveCfg = Release|Any CPU
		{A9CB2B08-49A8-48B6-8FA8-BEFE71B629C1}.Release|Any CPU.Build.0 = Release|Any CPU
		{5D21DA1B-102D-4AB2-B1D0-D08D7AF7AB5E}.Debug|Any CPU.ActiveCfg = Debug|Any CPU
		{5D21DA1B-102D-4AB2-B1D0-D08D7AF7AB5E}.Debug|Any CPU.Build.0 = Debug|Any CPU
		{5D21DA1B-102D-4AB2-B1D0-D08D7AF7AB5E}.Release|Any CPU.ActiveCfg = Release|Any CPU
		{5D21DA1B-102D-4AB2-B1D0-D08D7AF7AB5E}.Release|Any CPU.Build.0 = Release|Any CPU
		{04150F56-F39E-450D-BEB9-04F7E891EDC4}.Debug|Any CPU.ActiveCfg = Debug|Any CPU
		{04150F56-F39E-450D-BEB9-04F7E891EDC4}.Debug|Any CPU.Build.0 = Debug|Any CPU
		{04150F56-F39E-450D-BEB9-04F7E891EDC4}.Release|Any CPU.ActiveCfg = Release|Any CPU
		{04150F56-F39E-450D-BEB9-04F7E891EDC4}.Release|Any CPU.Build.0 = Release|Any CPU
		{02F53C0E-8B6C-47F6-A6F5-BB359C083E43}.Debug|Any CPU.ActiveCfg = Debug|Any CPU
		{02F53C0E-8B6C-47F6-A6F5-BB359C083E43}.Debug|Any CPU.Build.0 = Debug|Any CPU
		{02F53C0E-8B6C-47F6-A6F5-BB359C083E43}.Release|Any CPU.ActiveCfg = Release|Any CPU
		{02F53C0E-8B6C-47F6-A6F5-BB359C083E43}.Release|Any CPU.Build.0 = Release|Any CPU
		{8D7EF5D1-708C-4CD9-82D6-570E881FC522}.Debug|Any CPU.ActiveCfg = Debug|Any CPU
		{8D7EF5D1-708C-4CD9-82D6-570E881FC522}.Debug|Any CPU.Build.0 = Debug|Any CPU
		{8D7EF5D1-708C-4CD9-82D6-570E881FC522}.Release|Any CPU.ActiveCfg = Release|Any CPU
		{8D7EF5D1-708C-4CD9-82D6-570E881FC522}.Release|Any CPU.Build.0 = Release|Any CPU
		{3BE8F9C8-3449-42F4-AED1-8059E685E9A4}.Debug|Any CPU.ActiveCfg = Debug|Any CPU
		{3BE8F9C8-3449-42F4-AED1-8059E685E9A4}.Debug|Any CPU.Build.0 = Debug|Any CPU
		{3BE8F9C8-3449-42F4-AED1-8059E685E9A4}.Release|Any CPU.ActiveCfg = Release|Any CPU
		{3BE8F9C8-3449-42F4-AED1-8059E685E9A4}.Release|Any CPU.Build.0 = Release|Any CPU
		{43810FDB-E485-428F-9D8E-59C2459BCF9A}.Debug|Any CPU.ActiveCfg = Debug|Any CPU
		{43810FDB-E485-428F-9D8E-59C2459BCF9A}.Debug|Any CPU.Build.0 = Debug|Any CPU
		{43810FDB-E485-428F-9D8E-59C2459BCF9A}.Release|Any CPU.ActiveCfg = Release|Any CPU
		{43810FDB-E485-428F-9D8E-59C2459BCF9A}.Release|Any CPU.Build.0 = Release|Any CPU
		{074A3C4A-7001-4BB9-A42A-778ECC43CD42}.Debug|Any CPU.ActiveCfg = Debug|Any CPU
		{074A3C4A-7001-4BB9-A42A-778ECC43CD42}.Debug|Any CPU.Build.0 = Debug|Any CPU
		{074A3C4A-7001-4BB9-A42A-778ECC43CD42}.Release|Any CPU.ActiveCfg = Release|Any CPU
		{074A3C4A-7001-4BB9-A42A-778ECC43CD42}.Release|Any CPU.Build.0 = Release|Any CPU
		{D50C0DE5-B747-42F6-BE36-130904027811}.Debug|Any CPU.ActiveCfg = Debug|Any CPU
		{D50C0DE5-B747-42F6-BE36-130904027811}.Debug|Any CPU.Build.0 = Debug|Any CPU
		{D50C0DE5-B747-42F6-BE36-130904027811}.Release|Any CPU.ActiveCfg = Release|Any CPU
		{D50C0DE5-B747-42F6-BE36-130904027811}.Release|Any CPU.Build.0 = Release|Any CPU
		{13D6AB7B-E478-4DCB-B63B-B69820A7DB99}.Debug|Any CPU.ActiveCfg = Debug|Any CPU
		{13D6AB7B-E478-4DCB-B63B-B69820A7DB99}.Debug|Any CPU.Build.0 = Debug|Any CPU
		{13D6AB7B-E478-4DCB-B63B-B69820A7DB99}.Release|Any CPU.ActiveCfg = Release|Any CPU
		{13D6AB7B-E478-4DCB-B63B-B69820A7DB99}.Release|Any CPU.Build.0 = Release|Any CPU
		{C044319C-4A00-43A8-8B95-A3C85AD6114E}.Debug|Any CPU.ActiveCfg = Debug|Any CPU
		{C044319C-4A00-43A8-8B95-A3C85AD6114E}.Debug|Any CPU.Build.0 = Debug|Any CPU
		{C044319C-4A00-43A8-8B95-A3C85AD6114E}.Release|Any CPU.ActiveCfg = Release|Any CPU
		{C044319C-4A00-43A8-8B95-A3C85AD6114E}.Release|Any CPU.Build.0 = Release|Any CPU
		{777D40E5-4992-412C-B3C3-6BA886E0442D}.Debug|Any CPU.ActiveCfg = Debug|Any CPU
		{777D40E5-4992-412C-B3C3-6BA886E0442D}.Debug|Any CPU.Build.0 = Debug|Any CPU
		{777D40E5-4992-412C-B3C3-6BA886E0442D}.Release|Any CPU.ActiveCfg = Release|Any CPU
		{777D40E5-4992-412C-B3C3-6BA886E0442D}.Release|Any CPU.Build.0 = Release|Any CPU
		{F8855C98-9FD1-4332-AC06-5CCE506B9B21}.Debug|Any CPU.ActiveCfg = Debug|Any CPU
		{F8855C98-9FD1-4332-AC06-5CCE506B9B21}.Debug|Any CPU.Build.0 = Debug|Any CPU
		{F8855C98-9FD1-4332-AC06-5CCE506B9B21}.Release|Any CPU.ActiveCfg = Release|Any CPU
		{F8855C98-9FD1-4332-AC06-5CCE506B9B21}.Release|Any CPU.Build.0 = Release|Any CPU
		{8FDBCFE0-FF11-4B1C-BEAA-8756217E8BD0}.Debug|Any CPU.ActiveCfg = Debug|Any CPU
		{8FDBCFE0-FF11-4B1C-BEAA-8756217E8BD0}.Debug|Any CPU.Build.0 = Debug|Any CPU
		{8FDBCFE0-FF11-4B1C-BEAA-8756217E8BD0}.Release|Any CPU.ActiveCfg = Release|Any CPU
		{8FDBCFE0-FF11-4B1C-BEAA-8756217E8BD0}.Release|Any CPU.Build.0 = Release|Any CPU
		{D4580D79-941D-449F-8205-8C003B69092B}.Debug|Any CPU.ActiveCfg = Debug|Any CPU
		{D4580D79-941D-449F-8205-8C003B69092B}.Debug|Any CPU.Build.0 = Debug|Any CPU
		{D4580D79-941D-449F-8205-8C003B69092B}.Release|Any CPU.ActiveCfg = Release|Any CPU
		{D4580D79-941D-449F-8205-8C003B69092B}.Release|Any CPU.Build.0 = Release|Any CPU
		{63FC327D-4E2D-4A32-885B-1594BFE006C4}.Debug|Any CPU.ActiveCfg = Debug|Any CPU
		{63FC327D-4E2D-4A32-885B-1594BFE006C4}.Debug|Any CPU.Build.0 = Debug|Any CPU
		{63FC327D-4E2D-4A32-885B-1594BFE006C4}.Release|Any CPU.ActiveCfg = Release|Any CPU
		{63FC327D-4E2D-4A32-885B-1594BFE006C4}.Release|Any CPU.Build.0 = Release|Any CPU
		{F4EBD8A0-8CF1-4298-A4F4-47B700583628}.Debug|Any CPU.ActiveCfg = Debug|Any CPU
		{F4EBD8A0-8CF1-4298-A4F4-47B700583628}.Debug|Any CPU.Build.0 = Debug|Any CPU
		{F4EBD8A0-8CF1-4298-A4F4-47B700583628}.Release|Any CPU.ActiveCfg = Release|Any CPU
		{F4EBD8A0-8CF1-4298-A4F4-47B700583628}.Release|Any CPU.Build.0 = Release|Any CPU
		{5DEC62B0-D245-4258-BC02-4043933EFE02}.Debug|Any CPU.ActiveCfg = Debug|Any CPU
		{5DEC62B0-D245-4258-BC02-4043933EFE02}.Debug|Any CPU.Build.0 = Debug|Any CPU
		{5DEC62B0-D245-4258-BC02-4043933EFE02}.Release|Any CPU.ActiveCfg = Release|Any CPU
		{5DEC62B0-D245-4258-BC02-4043933EFE02}.Release|Any CPU.Build.0 = Release|Any CPU
		{8E905644-50AA-45EA-A93C-06A39382B31A}.Debug|Any CPU.ActiveCfg = Debug|Any CPU
		{8E905644-50AA-45EA-A93C-06A39382B31A}.Debug|Any CPU.Build.0 = Debug|Any CPU
		{8E905644-50AA-45EA-A93C-06A39382B31A}.Release|Any CPU.ActiveCfg = Release|Any CPU
		{8E905644-50AA-45EA-A93C-06A39382B31A}.Release|Any CPU.Build.0 = Release|Any CPU
		{1AC2E0D0-041A-42CB-B59E-93BCF6D463B4}.Debug|Any CPU.ActiveCfg = Debug|Any CPU
		{1AC2E0D0-041A-42CB-B59E-93BCF6D463B4}.Debug|Any CPU.Build.0 = Debug|Any CPU
		{1AC2E0D0-041A-42CB-B59E-93BCF6D463B4}.Release|Any CPU.ActiveCfg = Release|Any CPU
		{1AC2E0D0-041A-42CB-B59E-93BCF6D463B4}.Release|Any CPU.Build.0 = Release|Any CPU
	EndGlobalSection
	GlobalSection(SolutionProperties) = preSolution
		HideSolutionNode = FALSE
	EndGlobalSection
	GlobalSection(NestedProjects) = preSolution
		{4923EB1B-0F84-4820-B000-CB80EB6B75DE} = {EAFA1907-7C6F-47E6-A2F0-A558C0352640}
		{550C26BE-26F7-4506-ACFF-928EDAF53C31} = {EAFA1907-7C6F-47E6-A2F0-A558C0352640}
		{2861D09C-147F-484F-83E2-AAACE631B5EA} = {EAFA1907-7C6F-47E6-A2F0-A558C0352640}
		{4CDA6F72-BD9D-45DB-9123-267F20409048} = {F0F8B6E6-E39A-4F6D-974D-65B0E02697F9}
		{6EB89537-325B-43FC-B18E-FFF23FFD46B7} = {F0F8B6E6-E39A-4F6D-974D-65B0E02697F9}
		{EB760D41-7781-4438-A849-0037745A001D} = {F0F8B6E6-E39A-4F6D-974D-65B0E02697F9}
		{3DD9739E-4B37-4BC1-8365-75410242E440} = {F0F8B6E6-E39A-4F6D-974D-65B0E02697F9}
		{5938097E-A132-403A-80CF-586298FC5527} = {F0F8B6E6-E39A-4F6D-974D-65B0E02697F9}
		{DEFABD84-6623-4383-8EE5-27464C8C555D} = {F0F8B6E6-E39A-4F6D-974D-65B0E02697F9}
		{F97D7C06-E57B-4458-ABB9-1C6F465F65A8} = {F0F8B6E6-E39A-4F6D-974D-65B0E02697F9}
		{23A7CDB9-5D2A-4F06-93DD-116C14BB1395} = {663E1798-64AF-4DE6-B1B2-06F9B56CA5FA}
		{64D938E1-C831-404E-9065-04E611625B91} = {663E1798-64AF-4DE6-B1B2-06F9B56CA5FA}
		{EC6BAF51-F8A7-4587-B888-4D01AE3B4438} = {663E1798-64AF-4DE6-B1B2-06F9B56CA5FA}
		{FAAF21DF-79E3-47EC-BF25-5F7B6E15D81E} = {663E1798-64AF-4DE6-B1B2-06F9B56CA5FA}
		{F188F353-C78C-4E85-B126-11DF24FEEC11} = {663E1798-64AF-4DE6-B1B2-06F9B56CA5FA}
		{D5CD39D6-799F-4A0F-A523-B2BE1CBB652B} = {663E1798-64AF-4DE6-B1B2-06F9B56CA5FA}
		{C6C3A525-DF80-4A68-8079-1B1EC8880916} = {663E1798-64AF-4DE6-B1B2-06F9B56CA5FA}
		{689A8A5B-8458-4CD4-AA1C-23538EE454F1} = {663E1798-64AF-4DE6-B1B2-06F9B56CA5FA}
		{0A2559AC-24D3-4C78-9FB8-8DC344152BEA} = {91BB4694-EC56-4865-A975-AAC92F569610}
		{2D1A94F2-963C-4EC5-8819-D6762DCE3C89} = {91BB4694-EC56-4865-A975-AAC92F569610}
		{A7A32949-A239-4371-9AE5-CF27ABD69DCD} = {91BB4694-EC56-4865-A975-AAC92F569610}
		{380AF2D0-AB5C-4A16-BE81-4356BE502847} = {91BB4694-EC56-4865-A975-AAC92F569610}
		{8EC18E74-EDE4-44EA-858A-6BE77DE285DC} = {91BB4694-EC56-4865-A975-AAC92F569610}
		{E89614C9-7F40-4D2F-A3C3-DAE1FA5E0C7B} = {91BB4694-EC56-4865-A975-AAC92F569610}
		{AE62FF91-E74F-4912-A12F-7D67D48308F3} = {91BB4694-EC56-4865-A975-AAC92F569610}
		{7B82D99B-D804-44D9-8850-F31A0125C1D1} = {91BB4694-EC56-4865-A975-AAC92F569610}
		{087797AB-3912-4991-9743-0252573C834F} = {663E1798-64AF-4DE6-B1B2-06F9B56CA5FA}
		{AA8F2F7C-C703-448B-87A2-53E90E36D17C} = {91BB4694-EC56-4865-A975-AAC92F569610}
		{0680C18F-6EB0-4426-ACF8-38F4C73D398C} = {EAFA1907-7C6F-47E6-A2F0-A558C0352640}
		{3AA3A42F-9774-42D6-AC9D-BD276CE84F09} = {EAFA1907-7C6F-47E6-A2F0-A558C0352640}
		{FB91F3C2-DD49-4B35-B10B-ED3709025AEA} = {EAFA1907-7C6F-47E6-A2F0-A558C0352640}
		{5070A32B-E809-4BE8-9BAF-D0627C155A9E} = {EAFA1907-7C6F-47E6-A2F0-A558C0352640}
		{3F4A6E85-128C-4669-BB16-CEC5A1C71B1B} = {EAFA1907-7C6F-47E6-A2F0-A558C0352640}
		{A79ACE1C-7783-462B-B621-07FCA47C62E3} = {5766FCEE-48E0-4A27-9788-37F07A4985E4}
		{9783B8E0-2958-4A61-96FB-01068BB7B65A} = {5766FCEE-48E0-4A27-9788-37F07A4985E4}
		{1850E1BA-19A0-4768-A46D-2F06115A1CD2} = {5766FCEE-48E0-4A27-9788-37F07A4985E4}
		{AFE24BA2-E293-4C4D-B5E6-B34B0C20CEAA} = {5766FCEE-48E0-4A27-9788-37F07A4985E4}
		{EE2EF2B4-13DB-4E38-934A-19607C0D7911} = {5766FCEE-48E0-4A27-9788-37F07A4985E4}
		{E9B3D3A2-6AD8-4C49-81D9-CEB519DD4856} = {5766FCEE-48E0-4A27-9788-37F07A4985E4}
		{05E9E770-4688-4D14-904D-948A3D0C2A23} = {5766FCEE-48E0-4A27-9788-37F07A4985E4}
		{851D3721-91EB-46CC-9897-7CF812A44D2C} = {5766FCEE-48E0-4A27-9788-37F07A4985E4}
		{80B18653-0AC9-4082-B853-D120BB58B12D} = {5766FCEE-48E0-4A27-9788-37F07A4985E4}
		{18ABD97A-37A1-4ECD-91E1-5F30E5A70776} = {5766FCEE-48E0-4A27-9788-37F07A4985E4}
		{8236D892-F1A7-4892-9638-19D29EC17D14} = {5766FCEE-48E0-4A27-9788-37F07A4985E4}
		{B6A52B58-7833-49D6-81EC-A7BC6275C853} = {5766FCEE-48E0-4A27-9788-37F07A4985E4}
		{BF256E2E-4131-4BDC-A7EE-183B961DEA8A} = {CEE04782-9ADF-4D58-9D4A-1D9D479BDB24}
		{40E19998-A362-4C41-A67D-4EA049B6E318} = {CEE04782-9ADF-4D58-9D4A-1D9D479BDB24}
		{AC142D1B-2900-4A1C-B930-B18C46FDDDD9} = {CEE04782-9ADF-4D58-9D4A-1D9D479BDB24}
		{702447FA-EF1C-4842-8E12-F03EB29C5D33} = {CEE04782-9ADF-4D58-9D4A-1D9D479BDB24}
		{97903EBC-6F24-41C5-98D3-E0D67FCEA97E} = {CEE04782-9ADF-4D58-9D4A-1D9D479BDB24}
		{E9BCB360-6B48-40AD-BC1F-0A799EC0E8D9} = {CEE04782-9ADF-4D58-9D4A-1D9D479BDB24}
		{90FE7AD8-3F2B-44AE-A7AE-19BCE440EDFD} = {DF4E6503-F2DF-4A2C-BAFE-526229B46429}
		{0AE37C17-E96D-4352-87E5-CBC2EC4D0CA4} = {DF4E6503-F2DF-4A2C-BAFE-526229B46429}
		{448A2DB4-FF82-46EF-B9D4-07F9C93F471F} = {DF4E6503-F2DF-4A2C-BAFE-526229B46429}
		{BE039BA5-EB5F-4CC1-9A15-E25B4DD7AC51} = {DF4E6503-F2DF-4A2C-BAFE-526229B46429}
		{3277A1B7-CC7F-47C3-954F-AC10897D8F54} = {DF4E6503-F2DF-4A2C-BAFE-526229B46429}
		{52FEFA99-C396-427C-BC16-DCCC8BF84285} = {DF4E6503-F2DF-4A2C-BAFE-526229B46429}
		{E728B3ED-29BA-40BB-AC6A-F166E6C0925D} = {DF4E6503-F2DF-4A2C-BAFE-526229B46429}
		{A35F2F84-8DDE-47DB-BD54-A507C2E9058D} = {DF4E6503-F2DF-4A2C-BAFE-526229B46429}
		{64172BC7-9232-4E27-AC31-03C11BCDF782} = {DF4E6503-F2DF-4A2C-BAFE-526229B46429}
		{56419C2C-81CE-4E8E-BF94-B87C7F841C76} = {DF4E6503-F2DF-4A2C-BAFE-526229B46429}
		{6B46C361-6ED8-4A65-9076-FF459392EEFC} = {CEE04782-9ADF-4D58-9D4A-1D9D479BDB24}
		{F41781A5-CC12-4942-8EF6-B599AD184941} = {CEE04782-9ADF-4D58-9D4A-1D9D479BDB24}
		{BD7351A4-2058-4668-BE78-E72C58637617} = {CEE04782-9ADF-4D58-9D4A-1D9D479BDB24}
		{3420FDFD-9EFE-4864-882D-F5AA3F0CDDF0} = {6587858A-D39B-4B19-8C41-875D48C6E3DF}
		{A9CB2B08-49A8-48B6-8FA8-BEFE71B629C1} = {6587858A-D39B-4B19-8C41-875D48C6E3DF}
		{5D21DA1B-102D-4AB2-B1D0-D08D7AF7AB5E} = {6587858A-D39B-4B19-8C41-875D48C6E3DF}
		{04150F56-F39E-450D-BEB9-04F7E891EDC4} = {6587858A-D39B-4B19-8C41-875D48C6E3DF}
		{02F53C0E-8B6C-47F6-A6F5-BB359C083E43} = {6587858A-D39B-4B19-8C41-875D48C6E3DF}
		{8D7EF5D1-708C-4CD9-82D6-570E881FC522} = {6587858A-D39B-4B19-8C41-875D48C6E3DF}
		{3BE8F9C8-3449-42F4-AED1-8059E685E9A4} = {6587858A-D39B-4B19-8C41-875D48C6E3DF}
		{43810FDB-E485-428F-9D8E-59C2459BCF9A} = {6587858A-D39B-4B19-8C41-875D48C6E3DF}
		{074A3C4A-7001-4BB9-A42A-778ECC43CD42} = {910D32CB-8F2F-4E5A-A948-5683A06B4C94}
		{D50C0DE5-B747-42F6-BE36-130904027811} = {910D32CB-8F2F-4E5A-A948-5683A06B4C94}
		{13D6AB7B-E478-4DCB-B63B-B69820A7DB99} = {910D32CB-8F2F-4E5A-A948-5683A06B4C94}
		{C044319C-4A00-43A8-8B95-A3C85AD6114E} = {910D32CB-8F2F-4E5A-A948-5683A06B4C94}
		{777D40E5-4992-412C-B3C3-6BA886E0442D} = {910D32CB-8F2F-4E5A-A948-5683A06B4C94}
		{F8855C98-9FD1-4332-AC06-5CCE506B9B21} = {910D32CB-8F2F-4E5A-A948-5683A06B4C94}
		{8FDBCFE0-FF11-4B1C-BEAA-8756217E8BD0} = {910D32CB-8F2F-4E5A-A948-5683A06B4C94}
		{D4580D79-941D-449F-8205-8C003B69092B} = {7D8C9766-D7F0-46D3-A919-2873913138A1}
		{63FC327D-4E2D-4A32-885B-1594BFE006C4} = {7D8C9766-D7F0-46D3-A919-2873913138A1}
		{F4EBD8A0-8CF1-4298-A4F4-47B700583628} = {7D8C9766-D7F0-46D3-A919-2873913138A1}
		{5DEC62B0-D245-4258-BC02-4043933EFE02} = {7D8C9766-D7F0-46D3-A919-2873913138A1}
		{8E905644-50AA-45EA-A93C-06A39382B31A} = {7D8C9766-D7F0-46D3-A919-2873913138A1}
		{1AC2E0D0-041A-42CB-B59E-93BCF6D463B4} = {7D8C9766-D7F0-46D3-A919-2873913138A1}
	EndGlobalSection
	GlobalSection(ExtensibilityGlobals) = postSolution
		SolutionGuid = {41C3AA72-8414-4456-953B-B1C479001CCE}
	EndGlobalSection
EndGlobal
